// !$*UTF8*$!
{
	archiveVersion = 1;
	classes = {
	};
	objectVersion = 50;
	objects = {

/* Begin PBXBuildFile section */
		07C05A7324DD582900A9681E /* AppDelegate.m in Sources */ = {isa = PBXBuildFile; fileRef = 07C05A7224DD582900A9681E /* AppDelegate.m */; };
		07C05A7624DD582900A9681E /* SceneDelegate.m in Sources */ = {isa = PBXBuildFile; fileRef = 07C05A7524DD582900A9681E /* SceneDelegate.m */; };
		07C05A7924DD582900A9681E /* ViewController.m in Sources */ = {isa = PBXBuildFile; fileRef = 07C05A7824DD582900A9681E /* ViewController.m */; };
		07C05A7C24DD582900A9681E /* Main.storyboard in Resources */ = {isa = PBXBuildFile; fileRef = 07C05A7A24DD582900A9681E /* Main.storyboard */; };
		07C05A7E24DD582A00A9681E /* Assets.xcassets in Resources */ = {isa = PBXBuildFile; fileRef = 07C05A7D24DD582A00A9681E /* Assets.xcassets */; };
		07C05A8124DD582A00A9681E /* LaunchScreen.storyboard in Resources */ = {isa = PBXBuildFile; fileRef = 07C05A7F24DD582A00A9681E /* LaunchScreen.storyboard */; };
		07C05A8424DD582A00A9681E /* main.m in Sources */ = {isa = PBXBuildFile; fileRef = 07C05A8324DD582A00A9681E /* main.m */; };
		07C05A8C24DFF51E00A9681E /* CoreTextDemoView.m in Sources */ = {isa = PBXBuildFile; fileRef = 07C05A8B24DFF51E00A9681E /* CoreTextDemoView.m */; };
/* End PBXBuildFile section */

/* Begin PBXFileReference section */
		07C05A6E24DD582900A9681E /* CoreTextDemo1图文混排.app */ = {isa = PBXFileReference; explicitFileType = wrapper.application; includeInIndex = 0; path = "CoreTextDemo1图文混排.app"; sourceTree = BUILT_PRODUCTS_DIR; };
		07C05A7124DD582900A9681E /* AppDelegate.h */ = {isa = PBXFileReference; lastKnownFileType = sourcecode.c.h; path = AppDelegate.h; sourceTree = "<group>"; };
		07C05A7224DD582900A9681E /* AppDelegate.m */ = {isa = PBXFileReference; lastKnownFileType = sourcecode.c.objc; path = AppDelegate.m; sourceTree = "<group>"; };
		07C05A7424DD582900A9681E /* SceneDelegate.h */ = {isa = PBXFileReference; lastKnownFileType = sourcecode.c.h; path = SceneDelegate.h; sourceTree = "<group>"; };
		07C05A7524DD582900A9681E /* SceneDelegate.m */ = {isa = PBXFileReference; lastKnownFileType = sourcecode.c.objc; path = SceneDelegate.m; sourceTree = "<group>"; };
		07C05A7724DD582900A9681E /* ViewController.h */ = {isa = PBXFileReference; lastKnownFileType = sourcecode.c.h; path = ViewController.h; sourceTree = "<group>"; };
		07C05A7824DD582900A9681E /* ViewController.m */ = {isa = PBXFileReference; lastKnownFileType = sourcecode.c.objc; path = ViewController.m; sourceTree = "<group>"; };
		07C05A7B24DD582900A9681E /* Base */ = {isa = PBXFileReference; lastKnownFileType = file.storyboard; name = Base; path = Base.lproj/Main.storyboard; sourceTree = "<group>"; };
		07C05A7D24DD582A00A9681E /* Assets.xcassets */ = {isa = PBXFileReference; lastKnownFileType = folder.assetcatalog; path = Assets.xcassets; sourceTree = "<group>"; };
		07C05A8024DD582A00A9681E /* Base */ = {isa = PBXFileReference; lastKnownFileType = file.storyboard; name = Base; path = Base.lproj/LaunchScreen.storyboard; sourceTree = "<group>"; };
		07C05A8224DD582A00A9681E /* Info.plist */ = {isa = PBXFileReference; lastKnownFileType = text.plist.xml; path = Info.plist; sourceTree = "<group>"; };
		07C05A8324DD582A00A9681E /* main.m */ = {isa = PBXFileReference; lastKnownFileType = sourcecode.c.objc; path = main.m; sourceTree = "<group>"; };
		07C05A8A24DFF51E00A9681E /* CoreTextDemoView.h */ = {isa = PBXFileReference; lastKnownFileType = sourcecode.c.h; path = CoreTextDemoView.h; sourceTree = "<group>"; };
		07C05A8B24DFF51E00A9681E /* CoreTextDemoView.m */ = {isa = PBXFileReference; lastKnownFileType = sourcecode.c.objc; path = CoreTextDemoView.m; sourceTree = "<group>"; };
/* End PBXFileReference section */

/* Begin PBXFrameworksBuildPhase section */
		07C05A6B24DD582900A9681E /* Frameworks */ = {
			isa = PBXFrameworksBuildPhase;
			buildActionMask = 2147483647;
			files = (
			);
			runOnlyForDeploymentPostprocessing = 0;
		};
/* End PBXFrameworksBuildPhase section */

/* Begin PBXGroup section */
		07C05A6524DD582900A9681E = {
			isa = PBXGroup;
			children = (
				07C05A7024DD582900A9681E /* CoreTextDemo1图文混排 */,
				07C05A6F24DD582900A9681E /* Products */,
			);
			sourceTree = "<group>";
		};
		07C05A6F24DD582900A9681E /* Products */ = {
			isa = PBXGroup;
			children = (
				07C05A6E24DD582900A9681E /* CoreTextDemo1图文混排.app */,
			);
			name = Products;
			sourceTree = "<group>";
		};
		07C05A7024DD582900A9681E /* CoreTextDemo1图文混排 */ = {
			isa = PBXGroup;
			children = (
				07C05A7124DD582900A9681E /* AppDelegate.h */,
				07C05A7224DD582900A9681E /* AppDelegate.m */,
				07C05A7424DD582900A9681E /* SceneDelegate.h */,
				07C05A7524DD582900A9681E /* SceneDelegate.m */,
				07C05A7724DD582900A9681E /* ViewController.h */,
				07C05A7824DD582900A9681E /* ViewController.m */,
				07C05A7A24DD582900A9681E /* Main.storyboard */,
				07C05A7D24DD582A00A9681E /* Assets.xcassets */,
				07C05A7F24DD582A00A9681E /* LaunchScreen.storyboard */,
				07C05A8224DD582A00A9681E /* Info.plist */,
				07C05A8324DD582A00A9681E /* main.m */,
				07C05A8A24DFF51E00A9681E /* CoreTextDemoView.h */,
				07C05A8B24DFF51E00A9681E /* CoreTextDemoView.m */,
			);
			path = "CoreTextDemo1图文混排";
			sourceTree = "<group>";
		};
/* End PBXGroup section */

/* Begin PBXNativeTarget section */
		07C05A6D24DD582900A9681E /* CoreTextDemo1图文混排 */ = {
			isa = PBXNativeTarget;
			buildConfigurationList = 07C05A8724DD582A00A9681E /* Build configuration list for PBXNativeTarget "CoreTextDemo1图文混排" */;
			buildPhases = (
				07C05A6A24DD582900A9681E /* Sources */,
				07C05A6B24DD582900A9681E /* Frameworks */,
				07C05A6C24DD582900A9681E /* Resources */,
			);
			buildRules = (
			);
			dependencies = (
			);
			name = "CoreTextDemo1图文混排";
			productName = "CoreTextDemo1图文混排";
			productReference = 07C05A6E24DD582900A9681E /* CoreTextDemo1图文混排.app */;
			productType = "com.apple.product-type.application";
		};
/* End PBXNativeTarget section */

/* Begin PBXProject section */
		07C05A6624DD582900A9681E /* Project object */ = {
			isa = PBXProject;
			attributes = {
				LastUpgradeCheck = 1120;
				ORGANIZATIONNAME = com.forest;
				TargetAttributes = {
					07C05A6D24DD582900A9681E = {
						CreatedOnToolsVersion = 11.2.1;
					};
				};
			};
			buildConfigurationList = 07C05A6924DD582900A9681E /* Build configuration list for PBXProject "CoreTextDemo1图文混排" */;
			compatibilityVersion = "Xcode 9.3";
			developmentRegion = en;
			hasScannedForEncodings = 0;
			knownRegions = (
				en,
				Base,
			);
			mainGroup = 07C05A6524DD582900A9681E;
			productRefGroup = 07C05A6F24DD582900A9681E /* Products */;
			projectDirPath = "";
			projectRoot = "";
			targets = (
				07C05A6D24DD582900A9681E /* CoreTextDemo1图文混排 */,
			);
		};
/* End PBXProject section */

/* Begin PBXResourcesBuildPhase section */
		07C05A6C24DD582900A9681E /* Resources */ = {
			isa = PBXResourcesBuildPhase;
			buildActionMask = 2147483647;
			files = (
				07C05A8124DD582A00A9681E /* LaunchScreen.storyboard in Resources */,
				07C05A7E24DD582A00A9681E /* Assets.xcassets in Resources */,
				07C05A7C24DD582900A9681E /* Main.storyboard in Resources */,
			);
			runOnlyForDeploymentPostprocessing = 0;
		};
/* End PBXResourcesBuildPhase section */

/* Begin PBXSourcesBuildPhase section */
		07C05A6A24DD582900A9681E /* Sources */ = {
			isa = PBXSourcesBuildPhase;
			buildActionMask = 2147483647;
			files = (
				07C05A7924DD582900A9681E /* ViewController.m in Sources */,
				07C05A7324DD582900A9681E /* AppDelegate.m in Sources */,
				07C05A8424DD582A00A9681E /* main.m in Sources */,
				07C05A7624DD582900A9681E /* SceneDelegate.m in Sources */,
				07C05A8C24DFF51E00A9681E /* CoreTextDemoView.m in Sources */,
			);
			runOnlyForDeploymentPostprocessing = 0;
		};
/* End PBXSourcesBuildPhase section */

/* Begin PBXVariantGroup section */
		07C05A7A24DD582900A9681E /* Main.storyboard */ = {
			isa = PBXVariantGroup;
			children = (
				07C05A7B24DD582900A9681E /* Base */,
			);
			name = Main.storyboard;
			sourceTree = "<group>";
		};
		07C05A7F24DD582A00A9681E /* LaunchScreen.storyboard */ = {
			isa = PBXVariantGroup;
			children = (
				07C05A8024DD582A00A9681E /* Base */,
			);
			name = LaunchScreen.storyboard;
			sourceTree = "<group>";
		};
/* End PBXVariantGroup section */

/* Begin XCBuildConfiguration section */
		07C05A8524DD582A00A9681E /* Debug */ = {
			isa = XCBuildConfiguration;
			buildSettings = {
				ALWAYS_SEARCH_USER_PATHS = NO;
				CLANG_ANALYZER_NONNULL = YES;
				CLANG_ANALYZER_NUMBER_OBJECT_CONVERSION = YES_AGGRESSIVE;
				CLANG_CXX_LANGUAGE_STANDARD = "gnu++14";
				CLANG_CXX_LIBRARY = "libc++";
				CLANG_ENABLE_MODULES = YES;
				CLANG_ENABLE_OBJC_ARC = YES;
				CLANG_ENABLE_OBJC_WEAK = YES;
				CLANG_WARN_BLOCK_CAPTURE_AUTORELEASING = YES;
				CLANG_WARN_BOOL_CONVERSION = YES;
				CLANG_WARN_COMMA = YES;
				CLANG_WARN_CONSTANT_CONVERSION = YES;
				CLANG_WARN_DEPRECATED_OBJC_IMPLEMENTATIONS = YES;
				CLANG_WARN_DIRECT_OBJC_ISA_USAGE = YES_ERROR;
				CLANG_WARN_DOCUMENTATION_COMMENTS = YES;
				CLANG_WARN_EMPTY_BODY = YES;
				CLANG_WARN_ENUM_CONVERSION = YES;
				CLANG_WARN_INFINITE_RECURSION = YES;
				CLANG_WARN_INT_CONVERSION = YES;
				CLANG_WARN_NON_LITERAL_NULL_CONVERSION = YES;
				CLANG_WARN_OBJC_IMPLICIT_RETAIN_SELF = YES;
				CLANG_WARN_OBJC_LITERAL_CONVERSION = YES;
				CLANG_WARN_OBJC_ROOT_CLASS = YES_ERROR;
				CLANG_WARN_RANGE_LOOP_ANALYSIS = YES;
				CLANG_WARN_STRICT_PROTOTYPES = YES;
				CLANG_WARN_SUSPICIOUS_MOVE = YES;
				CLANG_WARN_UNGUARDED_AVAILABILITY = YES_AGGRESSIVE;
				CLANG_WARN_UNREACHABLE_CODE = YES;
				CLANG_WARN__DUPLICATE_METHOD_MATCH = YES;
				COPY_PHASE_STRIP = NO;
				DEBUG_INFORMATION_FORMAT = dwarf;
				ENABLE_STRICT_OBJC_MSGSEND = YES;
				ENABLE_TESTABILITY = YES;
				GCC_C_LANGUAGE_STANDARD = gnu11;
				GCC_DYNAMIC_NO_PIC = NO;
				GCC_NO_COMMON_BLOCKS = YES;
				GCC_OPTIMIZATION_LEVEL = 0;
				GCC_PREPROCESSOR_DEFINITIONS = (
					"DEBUG=1",
					"$(inherited)",
				);
				GCC_WARN_64_TO_32_BIT_CONVERSION = YES;
				GCC_WARN_ABOUT_RETURN_TYPE = YES_ERROR;
				GCC_WARN_UNDECLARED_SELECTOR = YES;
				GCC_WARN_UNINITIALIZED_AUTOS = YES_AGGRESSIVE;
				GCC_WARN_UNUSED_FUNCTION = YES;
				GCC_WARN_UNUSED_VARIABLE = YES;
				IPHONEOS_DEPLOYMENT_TARGET = 13.5;
				MTL_ENABLE_DEBUG_INFO = INCLUDE_SOURCE;
				MTL_FAST_MATH = YES;
				ONLY_ACTIVE_ARCH = YES;
				SDKROOT = iphoneos;
			};
			name = Debug;
		};
		07C05A8624DD582A00A9681E /* Release */ = {
			isa = XCBuildConfiguration;
			buildSettings = {
				ALWAYS_SEARCH_USER_PATHS = NO;
				CLANG_ANALYZER_NONNULL = YES;
				CLANG_ANALYZER_NUMBER_OBJECT_CONVERSION = YES_AGGRESSIVE;
				CLANG_CXX_LANGUAGE_STANDARD = "gnu++14";
				CLANG_CXX_LIBRARY = "libc++";
				CLANG_ENABLE_MODULES = YES;
				CLANG_ENABLE_OBJC_ARC = YES;
				CLANG_ENABLE_OBJC_WEAK = YES;
				CLANG_WARN_BLOCK_CAPTURE_AUTORELEASING = YES;
				CLANG_WARN_BOOL_CONVERSION = YES;
				CLANG_WARN_COMMA = YES;
				CLANG_WARN_CONSTANT_CONVERSION = YES;
				CLANG_WARN_DEPRECATED_OBJC_IMPLEMENTATIONS = YES;
				CLANG_WARN_DIRECT_OBJC_ISA_USAGE = YES_ERROR;
				CLANG_WARN_DOCUMENTATION_COMMENTS = YES;
				CLANG_WARN_EMPTY_BODY = YES;
				CLANG_WARN_ENUM_CONVERSION = YES;
				CLANG_WARN_INFINITE_RECURSION = YES;
				CLANG_WARN_INT_CONVERSION = YES;
				CLANG_WARN_NON_LITERAL_NULL_CONVERSION = YES;
				CLANG_WARN_OBJC_IMPLICIT_RETAIN_SELF = YES;
				CLANG_WARN_OBJC_LITERAL_CONVERSION = YES;
				CLANG_WARN_OBJC_ROOT_CLASS = YES_ERROR;
				CLANG_WARN_RANGE_LOOP_ANALYSIS = YES;
				CLANG_WARN_STRICT_PROTOTYPES = YES;
				CLANG_WARN_SUSPICIOUS_MOVE = YES;
				CLANG_WARN_UNGUARDED_AVAILABILITY = YES_AGGRESSIVE;
				CLANG_WARN_UNREACHABLE_CODE = YES;
				CLANG_WARN__DUPLICATE_METHOD_MATCH = YES;
				COPY_PHASE_STRIP = NO;
				DEBUG_INFORMATION_FORMAT = "dwarf-with-dsym";
				ENABLE_NS_ASSERTIONS = NO;
				ENABLE_STRICT_OBJC_MSGSEND = YES;
				GCC_C_LANGUAGE_STANDARD = gnu11;
				GCC_NO_COMMON_BLOCKS = YES;
				GCC_WARN_64_TO_32_BIT_CONVERSION = YES;
				GCC_WARN_ABOUT_RETURN_TYPE = YES_ERROR;
				GCC_WARN_UNDECLARED_SELECTOR = YES;
				GCC_WARN_UNINITIALIZED_AUTOS = YES_AGGRESSIVE;
				GCC_WARN_UNUSED_FUNCTION = YES;
				GCC_WARN_UNUSED_VARIABLE = YES;
				IPHONEOS_DEPLOYMENT_TARGET = 13.5;
				MTL_ENABLE_DEBUG_INFO = NO;
				MTL_FAST_MATH = YES;
				SDKROOT = iphoneos;
				VALIDATE_PRODUCT = YES;
			};
			name = Release;
		};
		07C05A8824DD582A00A9681E /* Debug */ = {
			isa = XCBuildConfiguration;
			buildSettings = {
				ASSETCATALOG_COMPILER_APPICON_NAME = AppIcon;
				CODE_SIGN_STYLE = Automatic;
				INFOPLIST_FILE = "CoreTextDemo1图文混排/Info.plist";
				IPHONEOS_DEPLOYMENT_TARGET = 13.0;
				LD_RUNPATH_SEARCH_PATHS = (
					"$(inherited)",
					"@executable_path/Frameworks",
				);
				PRODUCT_BUNDLE_IDENTIFIER = "com.forest.CoreTextDemo1----";
				PRODUCT_NAME = "$(TARGET_NAME)";
				TARGETED_DEVICE_FAMILY = "1,2";
			};
			name = Debug;
		};
		07C05A8924DD582A00A9681E /* Release */ = {
			isa = XCBuildConfiguration;
			buildSettings = {
				ASSETCATALOG_COMPILER_APPICON_NAME = AppIcon;
				CODE_SIGN_STYLE = Automatic;
				INFOPLIST_FILE = "CoreTextDemo1图文混排/Info.plist";
				IPHONEOS_DEPLOYMENT_TARGET = 13.0;
				LD_RUNPATH_SEARCH_PATHS = (
					"$(inherited)",
					"@executable_path/Frameworks",
				);
				PRODUCT_BUNDLE_IDENTIFIER = "com.forest.CoreTextDemo1----";
				PRODUCT_NAME = "$(TARGET_NAME)";
				TARGETED_DEVICE_FAMILY = "1,2";
			};
			name = Release;
		};
/* End XCBuildConfiguration section */

/* Begin XCConfigurationList section */
		07C05A6924DD582900A9681E /* Build configuration list for PBXProject "CoreTextDemo1图文混排" */ = {
			isa = XCConfigurationList;
			buildConfigurations = (
				07C05A8524DD582A00A9681E /* Debug */,
				07C05A8624DD582A00A9681E /* Release */,
			);
			defaultConfigurationIsVisible = 0;
			defaultConfigurationName = Release;
		};
		07C05A8724DD582A00A9681E /* Build configuration list for PBXNativeTarget "CoreTextDemo1图文混排" */ = {
			isa = XCConfigurationList;
			buildConfigurations = (
				07C05A8824DD582A00A9681E /* Debug */,
				07C05A8924DD582A00A9681E /* Release */,
			);
			defaultConfigurationIsVisible = 0;
			defaultConfigurationName = Release;
		};
/* End XCConfigurationList section */
	};
	rootObject = 07C05A6624DD582900A9681E /* Project object */;
}
