// !$*UTF8*$!
{
	archiveVersion = 1;
	classes = {
	};
	objectVersion = 50;
	objects = {

/* Begin PBXBuildFile section */
		0767E70C22D5B878000C4A18 /* AppDelegate.m in Sources */ = {isa = PBXBuildFile; fileRef = 0767E70B22D5B878000C4A18 /* AppDelegate.m */; };
		0767E70F22D5B878000C4A18 /* ViewController.m in Sources */ = {isa = PBXBuildFile; fileRef = 0767E70E22D5B878000C4A18 /* ViewController.m */; };
		0767E71222D5B878000C4A18 /* Main.storyboard in Resources */ = {isa = PBXBuildFile; fileRef = 0767E71022D5B878000C4A18 /* Main.storyboard */; };
		0767E71422D5B87B000C4A18 /* Assets.xcassets in Resources */ = {isa = PBXBuildFile; fileRef = 0767E71322D5B87B000C4A18 /* Assets.xcassets */; };
		0767E71722D5B87B000C4A18 /* LaunchScreen.storyboard in Resources */ = {isa = PBXBuildFile; fileRef = 0767E71522D5B87B000C4A18 /* LaunchScreen.storyboard */; };
		0767E71A22D5B87B000C4A18 /* main.m in Sources */ = {isa = PBXBuildFile; fileRef = 0767E71922D5B87B000C4A18 /* main.m */; };
		0767E72422D5B8A0000C4A18 /* Student.m in Sources */ = {isa = PBXBuildFile; fileRef = 0767E72022D5B89F000C4A18 /* Student.m */; };
		0767E72522D5B8A0000C4A18 /* Person.m in Sources */ = {isa = PBXBuildFile; fileRef = 0767E72222D5B89F000C4A18 /* Person.m */; };
/* End PBXBuildFile section */

/* Begin PBXFileReference section */
		0767E70722D5B878000C4A18 /* 15.Super.app */ = {isa = PBXFileReference; explicitFileType = wrapper.application; includeInIndex = 0; path = 15.Super.app; sourceTree = BUILT_PRODUCTS_DIR; };
		0767E70A22D5B878000C4A18 /* AppDelegate.h */ = {isa = PBXFileReference; lastKnownFileType = sourcecode.c.h; path = AppDelegate.h; sourceTree = "<group>"; };
		0767E70B22D5B878000C4A18 /* AppDelegate.m */ = {isa = PBXFileReference; lastKnownFileType = sourcecode.c.objc; path = AppDelegate.m; sourceTree = "<group>"; };
		0767E70D22D5B878000C4A18 /* ViewController.h */ = {isa = PBXFileReference; lastKnownFileType = sourcecode.c.h; path = ViewController.h; sourceTree = "<group>"; };
		0767E70E22D5B878000C4A18 /* ViewController.m */ = {isa = PBXFileReference; lastKnownFileType = sourcecode.c.objc; path = ViewController.m; sourceTree = "<group>"; };
		0767E71122D5B878000C4A18 /* Base */ = {isa = PBXFileReference; lastKnownFileType = file.storyboard; name = Base; path = Base.lproj/Main.storyboard; sourceTree = "<group>"; };
		0767E71322D5B87B000C4A18 /* Assets.xcassets */ = {isa = PBXFileReference; lastKnownFileType = folder.assetcatalog; path = Assets.xcassets; sourceTree = "<group>"; };
		0767E71622D5B87B000C4A18 /* Base */ = {isa = PBXFileReference; lastKnownFileType = file.storyboard; name = Base; path = Base.lproj/LaunchScreen.storyboard; sourceTree = "<group>"; };
		0767E71822D5B87B000C4A18 /* Info.plist */ = {isa = PBXFileReference; lastKnownFileType = text.plist.xml; path = Info.plist; sourceTree = "<group>"; };
		0767E71922D5B87B000C4A18 /* main.m */ = {isa = PBXFileReference; lastKnownFileType = sourcecode.c.objc; path = main.m; sourceTree = "<group>"; };
		0767E72022D5B89F000C4A18 /* Student.m */ = {isa = PBXFileReference; fileEncoding = 4; lastKnownFileType = sourcecode.c.objc; path = Student.m; sourceTree = "<group>"; };
		0767E72122D5B89F000C4A18 /* Person.h */ = {isa = PBXFileReference; fileEncoding = 4; lastKnownFileType = sourcecode.c.h; path = Person.h; sourceTree = "<group>"; };
		0767E72222D5B89F000C4A18 /* Person.m */ = {isa = PBXFileReference; fileEncoding = 4; lastKnownFileType = sourcecode.c.objc; path = Person.m; sourceTree = "<group>"; };
		0767E72322D5B8A0000C4A18 /* Student.h */ = {isa = PBXFileReference; fileEncoding = 4; lastKnownFileType = sourcecode.c.h; path = Student.h; sourceTree = "<group>"; };
/* End PBXFileReference section */

/* Begin PBXFrameworksBuildPhase section */
		0767E70422D5B878000C4A18 /* Frameworks */ = {
			isa = PBXFrameworksBuildPhase;
			buildActionMask = 2147483647;
			files = (
			);
			runOnlyForDeploymentPostprocessing = 0;
		};
/* End PBXFrameworksBuildPhase section */

/* Begin PBXGroup section */
		0767E6FE22D5B878000C4A18 = {
			isa = PBXGroup;
			children = (
				0767E70922D5B878000C4A18 /* 15.Super */,
				0767E70822D5B878000C4A18 /* Products */,
			);
			sourceTree = "<group>";
		};
		0767E70822D5B878000C4A18 /* Products */ = {
			isa = PBXGroup;
			children = (
				0767E70722D5B878000C4A18 /* 15.Super.app */,
			);
			name = Products;
			sourceTree = "<group>";
		};
		0767E70922D5B878000C4A18 /* 15.Super */ = {
			isa = PBXGroup;
			children = (
				0767E70A22D5B878000C4A18 /* AppDelegate.h */,
				0767E70B22D5B878000C4A18 /* AppDelegate.m */,
				0767E70D22D5B878000C4A18 /* ViewController.h */,
				0767E70E22D5B878000C4A18 /* ViewController.m */,
				0767E72122D5B89F000C4A18 /* Person.h */,
				0767E72222D5B89F000C4A18 /* Person.m */,
				0767E72322D5B8A0000C4A18 /* Student.h */,
				0767E72022D5B89F000C4A18 /* Student.m */,
				0767E71022D5B878000C4A18 /* Main.storyboard */,
				0767E71322D5B87B000C4A18 /* Assets.xcassets */,
				0767E71522D5B87B000C4A18 /* LaunchScreen.storyboard */,
				0767E71822D5B87B000C4A18 /* Info.plist */,
				0767E71922D5B87B000C4A18 /* main.m */,
			);
			path = 15.Super;
			sourceTree = "<group>";
		};
/* End PBXGroup section */

/* Begin PBXNativeTarget section */
		0767E70622D5B878000C4A18 /* 15.Super */ = {
			isa = PBXNativeTarget;
			buildConfigurationList = 0767E71D22D5B87B000C4A18 /* Build configuration list for PBXNativeTarget "15.Super" */;
			buildPhases = (
				0767E70322D5B878000C4A18 /* Sources */,
				0767E70422D5B878000C4A18 /* Frameworks */,
				0767E70522D5B878000C4A18 /* Resources */,
			);
			buildRules = (
			);
			dependencies = (
			);
			name = 15.Super;
			productName = 15.Super;
			productReference = 0767E70722D5B878000C4A18 /* 15.Super.app */;
			productType = "com.apple.product-type.application";
		};
/* End PBXNativeTarget section */

/* Begin PBXProject section */
		0767E6FF22D5B878000C4A18 /* Project object */ = {
			isa = PBXProject;
			attributes = {
				LastUpgradeCheck = 1020;
				ORGANIZATIONNAME = fengsl;
				TargetAttributes = {
					0767E70622D5B878000C4A18 = {
						CreatedOnToolsVersion = 10.2;
					};
				};
			};
			buildConfigurationList = 0767E70222D5B878000C4A18 /* Build configuration list for PBXProject "15.Super" */;
			compatibilityVersion = "Xcode 9.3";
			developmentRegion = en;
			hasScannedForEncodings = 0;
			knownRegions = (
				en,
				Base,
			);
			mainGroup = 0767E6FE22D5B878000C4A18;
			productRefGroup = 0767E70822D5B878000C4A18 /* Products */;
			projectDirPath = "";
			projectRoot = "";
			targets = (
				0767E70622D5B878000C4A18 /* 15.Super */,
			);
		};
/* End PBXProject section */

/* Begin PBXResourcesBuildPhase section */
		0767E70522D5B878000C4A18 /* Resources */ = {
			isa = PBXResourcesBuildPhase;
			buildActionMask = 2147483647;
			files = (
				0767E71722D5B87B000C4A18 /* LaunchScreen.storyboard in Resources */,
				0767E71422D5B87B000C4A18 /* Assets.xcassets in Resources */,
				0767E71222D5B878000C4A18 /* Main.storyboard in Resources */,
			);
			runOnlyForDeploymentPostprocessing = 0;
		};
/* End PBXResourcesBuildPhase section */

/* Begin PBXSourcesBuildPhase section */
		0767E70322D5B878000C4A18 /* Sources */ = {
			isa = PBXSourcesBuildPhase;
			buildActionMask = 2147483647;
			files = (
				0767E70F22D5B878000C4A18 /* ViewController.m in Sources */,
				0767E71A22D5B87B000C4A18 /* main.m in Sources */,
				0767E72522D5B8A0000C4A18 /* Person.m in Sources */,
				0767E70C22D5B878000C4A18 /* AppDelegate.m in Sources */,
				0767E72422D5B8A0000C4A18 /* Student.m in Sources */,
			);
			runOnlyForDeploymentPostprocessing = 0;
		};
/* End PBXSourcesBuildPhase section */

/* Begin PBXVariantGroup section */
		0767E71022D5B878000C4A18 /* Main.storyboard */ = {
			isa = PBXVariantGroup;
			children = (
				0767E71122D5B878000C4A18 /* Base */,
			);
			name = Main.storyboard;
			sourceTree = "<group>";
		};
		0767E71522D5B87B000C4A18 /* LaunchScreen.storyboard */ = {
			isa = PBXVariantGroup;
			children = (
				0767E71622D5B87B000C4A18 /* Base */,
			);
			name = LaunchScreen.storyboard;
			sourceTree = "<group>";
		};
/* End PBXVariantGroup section */

/* Begin XCBuildConfiguration section */
		0767E71B22D5B87B000C4A18 /* Debug */ = {
			isa = XCBuildConfiguration;
			buildSettings = {
				ALWAYS_SEARCH_USER_PATHS = NO;
				CLANG_ANALYZER_NONNULL = YES;
				CLANG_ANALYZER_NUMBER_OBJECT_CONVERSION = YES_AGGRESSIVE;
				CLANG_CXX_LANGUAGE_STANDARD = "gnu++14";
				CLANG_CXX_LIBRARY = "libc++";
				CLANG_ENABLE_MODULES = YES;
				CLANG_ENABLE_OBJC_ARC = YES;
				CLANG_ENABLE_OBJC_WEAK = YES;
				CLANG_WARN_BLOCK_CAPTURE_AUTORELEASING = YES;
				CLANG_WARN_BOOL_CONVERSION = YES;
				CLANG_WARN_COMMA = YES;
				CLANG_WARN_CONSTANT_CONVERSION = YES;
				CLANG_WARN_DEPRECATED_OBJC_IMPLEMENTATIONS = YES;
				CLANG_WARN_DIRECT_OBJC_ISA_USAGE = YES_ERROR;
				CLANG_WARN_DOCUMENTATION_COMMENTS = YES;
				CLANG_WARN_EMPTY_BODY = YES;
				CLANG_WARN_ENUM_CONVERSION = YES;
				CLANG_WARN_INFINITE_RECURSION = YES;
				CLANG_WARN_INT_CONVERSION = YES;
				CLANG_WARN_NON_LITERAL_NULL_CONVERSION = YES;
				CLANG_WARN_OBJC_IMPLICIT_RETAIN_SELF = YES;
				CLANG_WARN_OBJC_LITERAL_CONVERSION = YES;
				CLANG_WARN_OBJC_ROOT_CLASS = YES_ERROR;
				CLANG_WARN_RANGE_LOOP_ANALYSIS = YES;
				CLANG_WARN_STRICT_PROTOTYPES = YES;
				CLANG_WARN_SUSPICIOUS_MOVE = YES;
				CLANG_WARN_UNGUARDED_AVAILABILITY = YES_AGGRESSIVE;
				CLANG_WARN_UNREACHABLE_CODE = YES;
				CLANG_WARN__DUPLICATE_METHOD_MATCH = YES;
				CODE_SIGN_IDENTITY = "iPhone Developer";
				COPY_PHASE_STRIP = NO;
				DEBUG_INFORMATION_FORMAT = dwarf;
				ENABLE_STRICT_OBJC_MSGSEND = YES;
				ENABLE_TESTABILITY = YES;
				GCC_C_LANGUAGE_STANDARD = gnu11;
				GCC_DYNAMIC_NO_PIC = NO;
				GCC_NO_COMMON_BLOCKS = YES;
				GCC_OPTIMIZATION_LEVEL = 0;
				GCC_PREPROCESSOR_DEFINITIONS = (
					"DEBUG=1",
					"$(inherited)",
				);
				GCC_WARN_64_TO_32_BIT_CONVERSION = YES;
				GCC_WARN_ABOUT_RETURN_TYPE = YES_ERROR;
				GCC_WARN_UNDECLARED_SELECTOR = YES;
				GCC_WARN_UNINITIALIZED_AUTOS = YES_AGGRESSIVE;
				GCC_WARN_UNUSED_FUNCTION = YES;
				GCC_WARN_UNUSED_VARIABLE = YES;
				IPHONEOS_DEPLOYMENT_TARGET = 12.2;
				MTL_ENABLE_DEBUG_INFO = INCLUDE_SOURCE;
				MTL_FAST_MATH = YES;
				ONLY_ACTIVE_ARCH = YES;
				SDKROOT = iphoneos;
			};
			name = Debug;
		};
		0767E71C22D5B87B000C4A18 /* Release */ = {
			isa = XCBuildConfiguration;
			buildSettings = {
				ALWAYS_SEARCH_USER_PATHS = NO;
				CLANG_ANALYZER_NONNULL = YES;
				CLANG_ANALYZER_NUMBER_OBJECT_CONVERSION = YES_AGGRESSIVE;
				CLANG_CXX_LANGUAGE_STANDARD = "gnu++14";
				CLANG_CXX_LIBRARY = "libc++";
				CLANG_ENABLE_MODULES = YES;
				CLANG_ENABLE_OBJC_ARC = YES;
				CLANG_ENABLE_OBJC_WEAK = YES;
				CLANG_WARN_BLOCK_CAPTURE_AUTORELEASING = YES;
				CLANG_WARN_BOOL_CONVERSION = YES;
				CLANG_WARN_COMMA = YES;
				CLANG_WARN_CONSTANT_CONVERSION = YES;
				CLANG_WARN_DEPRECATED_OBJC_IMPLEMENTATIONS = YES;
				CLANG_WARN_DIRECT_OBJC_ISA_USAGE = YES_ERROR;
				CLANG_WARN_DOCUMENTATION_COMMENTS = YES;
				CLANG_WARN_EMPTY_BODY = YES;
				CLANG_WARN_ENUM_CONVERSION = YES;
				CLANG_WARN_INFINITE_RECURSION = YES;
				CLANG_WARN_INT_CONVERSION = YES;
				CLANG_WARN_NON_LITERAL_NULL_CONVERSION = YES;
				CLANG_WARN_OBJC_IMPLICIT_RETAIN_SELF = YES;
				CLANG_WARN_OBJC_LITERAL_CONVERSION = YES;
				CLANG_WARN_OBJC_ROOT_CLASS = YES_ERROR;
				CLANG_WARN_RANGE_LOOP_ANALYSIS = YES;
				CLANG_WARN_STRICT_PROTOTYPES = YES;
				CLANG_WARN_SUSPICIOUS_MOVE = YES;
				CLANG_WARN_UNGUARDED_AVAILABILITY = YES_AGGRESSIVE;
				CLANG_WARN_UNREACHABLE_CODE = YES;
				CLANG_WARN__DUPLICATE_METHOD_MATCH = YES;
				CODE_SIGN_IDENTITY = "iPhone Developer";
				COPY_PHASE_STRIP = NO;
				DEBUG_INFORMATION_FORMAT = "dwarf-with-dsym";
				ENABLE_NS_ASSERTIONS = NO;
				ENABLE_STRICT_OBJC_MSGSEND = YES;
				GCC_C_LANGUAGE_STANDARD = gnu11;
				GCC_NO_COMMON_BLOCKS = YES;
				GCC_WARN_64_TO_32_BIT_CONVERSION = YES;
				GCC_WARN_ABOUT_RETURN_TYPE = YES_ERROR;
				GCC_WARN_UNDECLARED_SELECTOR = YES;
				GCC_WARN_UNINITIALIZED_AUTOS = YES_AGGRESSIVE;
				GCC_WARN_UNUSED_FUNCTION = YES;
				GCC_WARN_UNUSED_VARIABLE = YES;
				IPHONEOS_DEPLOYMENT_TARGET = 12.2;
				MTL_ENABLE_DEBUG_INFO = NO;
				MTL_FAST_MATH = YES;
				SDKROOT = iphoneos;
				VALIDATE_PRODUCT = YES;
			};
			name = Release;
		};
		0767E71E22D5B87B000C4A18 /* Debug */ = {
			isa = XCBuildConfiguration;
			buildSettings = {
				ASSETCATALOG_COMPILER_APPICON_NAME = AppIcon;
				CODE_SIGN_STYLE = Manual;
				DEVELOPMENT_TEAM = "";
				INFOPLIST_FILE = 15.Super/Info.plist;
				LD_RUNPATH_SEARCH_PATHS = (
					"$(inherited)",
					"@executable_path/Frameworks",
				);
				PRODUCT_BUNDLE_IDENTIFIER = "books.story.forest.-5-Super";
				PRODUCT_NAME = "$(TARGET_NAME)";
				PROVISIONING_PROFILE_SPECIFIER = "";
				TARGETED_DEVICE_FAMILY = "1,2";
			};
			name = Debug;
		};
		0767E71F22D5B87B000C4A18 /* Release */ = {
			isa = XCBuildConfiguration;
			buildSettings = {
				ASSETCATALOG_COMPILER_APPICON_NAME = AppIcon;
				CODE_SIGN_STYLE = Manual;
				DEVELOPMENT_TEAM = "";
				INFOPLIST_FILE = 15.Super/Info.plist;
				LD_RUNPATH_SEARCH_PATHS = (
					"$(inherited)",
					"@executable_path/Frameworks",
				);
				PRODUCT_BUNDLE_IDENTIFIER = "books.story.forest.-5-Super";
				PRODUCT_NAME = "$(TARGET_NAME)";
				PROVISIONING_PROFILE_SPECIFIER = "";
				TARGETED_DEVICE_FAMILY = "1,2";
			};
			name = Release;
		};
/* End XCBuildConfiguration section */

/* Begin XCConfigurationList section */
		0767E70222D5B878000C4A18 /* Build configuration list for PBXProject "15.Super" */ = {
			isa = XCConfigurationList;
			buildConfigurations = (
				0767E71B22D5B87B000C4A18 /* Debug */,
				0767E71C22D5B87B000C4A18 /* Release */,
			);
			defaultConfigurationIsVisible = 0;
			defaultConfigurationName = Release;
		};
		0767E71D22D5B87B000C4A18 /* Build configuration list for PBXNativeTarget "15.Super" */ = {
			isa = XCConfigurationList;
			buildConfigurations = (
				0767E71E22D5B87B000C4A18 /* Debug */,
				0767E71F22D5B87B000C4A18 /* Release */,
			);
			defaultConfigurationIsVisible = 0;
			defaultConfigurationName = Release;
		};
/* End XCConfigurationList section */
	};
	rootObject = 0767E6FF22D5B878000C4A18 /* Project object */;
}
