// !$*UTF8*$!
{
	archiveVersion = 1;
	classes = {
	};
	objectVersion = 50;
	objects = {

/* Begin PBXBuildFile section */
		077A69EA25806C4500DE847E /* HLLPingTester.h in Headers */ = {isa = PBXBuildFile; fileRef = 077A69A725806C4400DE847E /* HLLPingTester.h */; settings = {ATTRIBUTES = (Public, ); }; };
		077A69EB25806C4500DE847E /* HLLPingManager.m in Sources */ = {isa = PBXBuildFile; fileRef = 077A69A825806C4400DE847E /* HLLPingManager.m */; };
		077A69EC25806C4500DE847E /* HLLPingManager.h in Headers */ = {isa = PBXBuildFile; fileRef = 077A69A925806C4400DE847E /* HLLPingManager.h */; settings = {ATTRIBUTES = (Public, ); }; };
		077A69ED25806C4500DE847E /* HLLPingTester.m in Sources */ = {isa = PBXBuildFile; fileRef = 077A69AA25806C4400DE847E /* HLLPingTester.m */; };
		077A69EE25806C4500DE847E /* HLLCache.h in Headers */ = {isa = PBXBuildFile; fileRef = 077A69AC25806C4400DE847E /* HLLCache.h */; };
		077A69EF25806C4500DE847E /* HLLDataModel.m in Sources */ = {isa = PBXBuildFile; fileRef = 077A69AD25806C4400DE847E /* HLLDataModel.m */; };
		077A69F025806C4500DE847E /* HLLCache.m in Sources */ = {isa = PBXBuildFile; fileRef = 077A69AE25806C4500DE847E /* HLLCache.m */; };
		077A69F125806C4500DE847E /* HLLDataModel.h in Headers */ = {isa = PBXBuildFile; fileRef = 077A69AF25806C4500DE847E /* HLLDataModel.h */; };
		077A69F225806C4500DE847E /* NetworkMonitor.pch in Headers */ = {isa = PBXBuildFile; fileRef = 077A69B025806C4500DE847E /* NetworkMonitor.pch */; };
		077A69F325806C4500DE847E /* NSObject+HLLRuntime.m in Sources */ = {isa = PBXBuildFile; fileRef = 077A69B225806C4500DE847E /* NSObject+HLLRuntime.m */; };
		077A69F525806C4500DE847E /* NSURL+Helper.m in Sources */ = {isa = PBXBuildFile; fileRef = 077A69B425806C4500DE847E /* NSURL+Helper.m */; };
		077A69F625806C4500DE847E /* NSURLRequest+Helper.m in Sources */ = {isa = PBXBuildFile; fileRef = 077A69B525806C4500DE847E /* NSURLRequest+Helper.m */; };
		077A69F725806C4500DE847E /* NSHTTPURLResponse+Helper.m in Sources */ = {isa = PBXBuildFile; fileRef = 077A69B625806C4500DE847E /* NSHTTPURLResponse+Helper.m */; };
		077A69F825806C4500DE847E /* HLLReachability.m in Sources */ = {isa = PBXBuildFile; fileRef = 077A69B725806C4500DE847E /* HLLReachability.m */; };
		077A69F925806C4500DE847E /* NSURLConnection+Helper.h in Headers */ = {isa = PBXBuildFile; fileRef = 077A69B825806C4500DE847E /* NSURLConnection+Helper.h */; settings = {ATTRIBUTES = (Public, ); }; };
		077A69FA25806C4500DE847E /* NSURLSession+Helper.h in Headers */ = {isa = PBXBuildFile; fileRef = 077A69B925806C4500DE847E /* NSURLSession+Helper.h */; settings = {ATTRIBUTES = (Public, ); }; };
		077A69FB25806C4500DE847E /* NSObject+HLLRuntime.h in Headers */ = {isa = PBXBuildFile; fileRef = 077A69BA25806C4500DE847E /* NSObject+HLLRuntime.h */; settings = {ATTRIBUTES = (Public, ); }; };
		077A69FC25806C4500DE847E /* NSHTTPURLResponse+Helper.h in Headers */ = {isa = PBXBuildFile; fileRef = 077A69BB25806C4500DE847E /* NSHTTPURLResponse+Helper.h */; settings = {ATTRIBUTES = (Public, ); }; };
		077A69FD25806C4500DE847E /* NSURLRequest+Helper.h in Headers */ = {isa = PBXBuildFile; fileRef = 077A69BC25806C4500DE847E /* NSURLRequest+Helper.h */; settings = {ATTRIBUTES = (Public, ); }; };
		077A69FE25806C4500DE847E /* NSURL+Helper.h in Headers */ = {isa = PBXBuildFile; fileRef = 077A69BD25806C4500DE847E /* NSURL+Helper.h */; settings = {ATTRIBUTES = (Public, ); }; };
		077A69FF25806C4500DE847E /* HLLReachability.h in Headers */ = {isa = PBXBuildFile; fileRef = 077A69BE25806C4500DE847E /* HLLReachability.h */; settings = {ATTRIBUTES = (Public, ); }; };
		077A6A0025806C4500DE847E /* NSURLConnection+Helper.m in Sources */ = {isa = PBXBuildFile; fileRef = 077A69BF25806C4500DE847E /* NSURLConnection+Helper.m */; };
		077A6A0125806C4500DE847E /* HLLConfig.m in Sources */ = {isa = PBXBuildFile; fileRef = 077A69C125806C4500DE847E /* HLLConfig.m */; };
		077A6A0225806C4500DE847E /* HLLNetWorkMonitorManager.m in Sources */ = {isa = PBXBuildFile; fileRef = 077A69C225806C4500DE847E /* HLLNetWorkMonitorManager.m */; };
		077A6A0325806C4500DE847E /* HLLNetworkMonitorDef.h in Headers */ = {isa = PBXBuildFile; fileRef = 077A69C325806C4500DE847E /* HLLNetworkMonitorDef.h */; settings = {ATTRIBUTES = (Public, ); }; };
		077A6A0425806C4500DE847E /* HLLConfig.h in Headers */ = {isa = PBXBuildFile; fileRef = 077A69C425806C4500DE847E /* HLLConfig.h */; settings = {ATTRIBUTES = (Public, ); }; };
		077A6A0525806C4500DE847E /* HLLNetWorkMonitorManager.h in Headers */ = {isa = PBXBuildFile; fileRef = 077A69C525806C4500DE847E /* HLLNetWorkMonitorManager.h */; settings = {ATTRIBUTES = (Public, ); }; };
		077A6A0725806C4500DE847E /* NSData+GZIP.h in Headers */ = {isa = PBXBuildFile; fileRef = 077A69CA25806C4500DE847E /* NSData+GZIP.h */; };
		077A6A0825806C4500DE847E /* NSData+GZIP.m in Sources */ = {isa = PBXBuildFile; fileRef = 077A69CB25806C4500DE847E /* NSData+GZIP.m */; };
		077A6A0925806C4500DE847E /* HLLNetworkMonitor.h in Headers */ = {isa = PBXBuildFile; fileRef = 077A69CC25806C4500DE847E /* HLLNetworkMonitor.h */; settings = {ATTRIBUTES = (Public, ); }; };
		077A6A0A25806C4500DE847E /* HLLNetUtils.m in Sources */ = {isa = PBXBuildFile; fileRef = 077A69CE25806C4500DE847E /* HLLNetUtils.m */; };
		077A6A0B25806C4500DE847E /* HLLNetUtils.h in Headers */ = {isa = PBXBuildFile; fileRef = 077A69CF25806C4500DE847E /* HLLNetUtils.h */; };
		077A6A0C25806C4500DE847E /* HLLProxy.m in Sources */ = {isa = PBXBuildFile; fileRef = 077A69D125806C4500DE847E /* HLLProxy.m */; };
		077A6A0D25806C4500DE847E /* HLLHooker.h in Headers */ = {isa = PBXBuildFile; fileRef = 077A69D225806C4500DE847E /* HLLHooker.h */; };
		077A6A0E25806C4500DE847E /* HLLURLProtocol.m in Sources */ = {isa = PBXBuildFile; fileRef = 077A69D325806C4500DE847E /* HLLURLProtocol.m */; };
		077A6A0F25806C4500DE847E /* HLLObjectDelegate.h in Headers */ = {isa = PBXBuildFile; fileRef = 077A69D425806C4500DE847E /* HLLObjectDelegate.h */; };
		077A6A1025806C4500DE847E /* HLLProxy.h in Headers */ = {isa = PBXBuildFile; fileRef = 077A69D525806C4500DE847E /* HLLProxy.h */; };
		077A6A1125806C4500DE847E /* HLLHooker.m in Sources */ = {isa = PBXBuildFile; fileRef = 077A69D625806C4500DE847E /* HLLHooker.m */; };
		077A6A1225806C4500DE847E /* HLLObjectDelegate.m in Sources */ = {isa = PBXBuildFile; fileRef = 077A69D725806C4500DE847E /* HLLObjectDelegate.m */; };
		077A6A1325806C4500DE847E /* HLLURLProtocol.h in Headers */ = {isa = PBXBuildFile; fileRef = 077A69D825806C4500DE847E /* HLLURLProtocol.h */; };
		077A6A1425806C4500DE847E /* HLLCommonModel.h in Headers */ = {isa = PBXBuildFile; fileRef = 077A69DA25806C4500DE847E /* HLLCommonModel.h */; };
		077A6A1525806C4500DE847E /* HLLCommonModel.m in Sources */ = {isa = PBXBuildFile; fileRef = 077A69DB25806C4500DE847E /* HLLCommonModel.m */; };
		077A6A1625806C4500DE847E /* NetworkMonitor.xcdatamodeld in Sources */ = {isa = PBXBuildFile; fileRef = 077A69DD25806C4500DE847E /* NetworkMonitor.xcdatamodeld */; };
		077A6A1725806C4500DE847E /* HLLBaseData.h in Headers */ = {isa = PBXBuildFile; fileRef = 077A69E025806C4500DE847E /* HLLBaseData.h */; };
		077A6A1825806C4500DE847E /* HLLDataEntiy.m in Sources */ = {isa = PBXBuildFile; fileRef = 077A69E125806C4500DE847E /* HLLDataEntiy.m */; };
		077A6A1925806C4600DE847E /* HLLDataEntiy.h in Headers */ = {isa = PBXBuildFile; fileRef = 077A69E225806C4500DE847E /* HLLDataEntiy.h */; };
		077A6A1A25806C4600DE847E /* HLLBaseData.m in Sources */ = {isa = PBXBuildFile; fileRef = 077A69E325806C4500DE847E /* HLLBaseData.m */; };
		077A6A1F25806C4600DE847E /* Info.plist in Resources */ = {isa = PBXBuildFile; fileRef = 077A69E925806C4500DE847E /* Info.plist */; };
		077A6A2E25806D9500DE847E /* NMData+CoreDataProperties.m in Sources */ = {isa = PBXBuildFile; fileRef = 077A6A2A25806D9500DE847E /* NMData+CoreDataProperties.m */; };
		077A6A2F25806D9500DE847E /* NMData+CoreDataClass.m in Sources */ = {isa = PBXBuildFile; fileRef = 077A6A2B25806D9500DE847E /* NMData+CoreDataClass.m */; };
		077A6A3025806D9500DE847E /* NMData+CoreDataClass.h in Headers */ = {isa = PBXBuildFile; fileRef = 077A6A2C25806D9500DE847E /* NMData+CoreDataClass.h */; };
		077A6A3125806D9500DE847E /* NMData+CoreDataProperties.h in Headers */ = {isa = PBXBuildFile; fileRef = 077A6A2D25806D9500DE847E /* NMData+CoreDataProperties.h */; };
		077A6AA3258078D600DE847E /* NSURLSession+Helper.m in Sources */ = {isa = PBXBuildFile; fileRef = 077A69B325806C4500DE847E /* NSURLSession+Helper.m */; };
		78E589792125188300C388BC /* HLLNetworkMonitor.framework in Frameworks */ = {isa = PBXBuildFile; fileRef = 78E5896F2125188300C388BC /* HLLNetworkMonitor.framework */; };
		78E5897E2125188300C388BC /* NetworkMonitorTests.m in Sources */ = {isa = PBXBuildFile; fileRef = 78E5897D2125188300C388BC /* NetworkMonitorTests.m */; };
/* End PBXBuildFile section */

/* Begin PBXContainerItemProxy section */
		78E5897A2125188300C388BC /* PBXContainerItemProxy */ = {
			isa = PBXContainerItemProxy;
			containerPortal = 78E589662125188300C388BC /* Project object */;
			proxyType = 1;
			remoteGlobalIDString = 78E5896E2125188300C388BC;
			remoteInfo = NetworkMonitor;
		};
/* End PBXContainerItemProxy section */

/* Begin PBXFileReference section */
		077A69A725806C4400DE847E /* HLLPingTester.h */ = {isa = PBXFileReference; fileEncoding = 4; lastKnownFileType = sourcecode.c.h; path = HLLPingTester.h; sourceTree = "<group>"; };
		077A69A825806C4400DE847E /* HLLPingManager.m */ = {isa = PBXFileReference; fileEncoding = 4; lastKnownFileType = sourcecode.c.objc; path = HLLPingManager.m; sourceTree = "<group>"; };
		077A69A925806C4400DE847E /* HLLPingManager.h */ = {isa = PBXFileReference; fileEncoding = 4; lastKnownFileType = sourcecode.c.h; path = HLLPingManager.h; sourceTree = "<group>"; };
		077A69AA25806C4400DE847E /* HLLPingTester.m */ = {isa = PBXFileReference; fileEncoding = 4; lastKnownFileType = sourcecode.c.objc; path = HLLPingTester.m; sourceTree = "<group>"; };
		077A69AC25806C4400DE847E /* HLLCache.h */ = {isa = PBXFileReference; fileEncoding = 4; lastKnownFileType = sourcecode.c.h; path = HLLCache.h; sourceTree = "<group>"; };
		077A69AD25806C4400DE847E /* HLLDataModel.m */ = {isa = PBXFileReference; fileEncoding = 4; lastKnownFileType = sourcecode.c.objc; path = HLLDataModel.m; sourceTree = "<group>"; };
		077A69AE25806C4500DE847E /* HLLCache.m */ = {isa = PBXFileReference; fileEncoding = 4; lastKnownFileType = sourcecode.c.objc; path = HLLCache.m; sourceTree = "<group>"; };
		077A69AF25806C4500DE847E /* HLLDataModel.h */ = {isa = PBXFileReference; fileEncoding = 4; lastKnownFileType = sourcecode.c.h; path = HLLDataModel.h; sourceTree = "<group>"; };
		077A69B025806C4500DE847E /* NetworkMonitor.pch */ = {isa = PBXFileReference; fileEncoding = 4; lastKnownFileType = sourcecode.c.h; path = NetworkMonitor.pch; sourceTree = "<group>"; };
		077A69B225806C4500DE847E /* NSObject+HLLRuntime.m */ = {isa = PBXFileReference; fileEncoding = 4; lastKnownFileType = sourcecode.c.objc; path = "NSObject+HLLRuntime.m"; sourceTree = "<group>"; };
		077A69B325806C4500DE847E /* NSURLSession+Helper.m */ = {isa = PBXFileReference; fileEncoding = 4; lastKnownFileType = sourcecode.c.objc; path = "NSURLSession+Helper.m"; sourceTree = "<group>"; };
		077A69B425806C4500DE847E /* NSURL+Helper.m */ = {isa = PBXFileReference; fileEncoding = 4; lastKnownFileType = sourcecode.c.objc; path = "NSURL+Helper.m"; sourceTree = "<group>"; };
		077A69B525806C4500DE847E /* NSURLRequest+Helper.m */ = {isa = PBXFileReference; fileEncoding = 4; lastKnownFileType = sourcecode.c.objc; path = "NSURLRequest+Helper.m"; sourceTree = "<group>"; };
		077A69B625806C4500DE847E /* NSHTTPURLResponse+Helper.m */ = {isa = PBXFileReference; fileEncoding = 4; lastKnownFileType = sourcecode.c.objc; path = "NSHTTPURLResponse+Helper.m"; sourceTree = "<group>"; };
		077A69B725806C4500DE847E /* HLLReachability.m */ = {isa = PBXFileReference; fileEncoding = 4; lastKnownFileType = sourcecode.c.objc; path = HLLReachability.m; sourceTree = "<group>"; };
		077A69B825806C4500DE847E /* NSURLConnection+Helper.h */ = {isa = PBXFileReference; fileEncoding = 4; lastKnownFileType = sourcecode.c.h; path = "NSURLConnection+Helper.h"; sourceTree = "<group>"; };
		077A69B925806C4500DE847E /* NSURLSession+Helper.h */ = {isa = PBXFileReference; fileEncoding = 4; lastKnownFileType = sourcecode.c.h; path = "NSURLSession+Helper.h"; sourceTree = "<group>"; };
		077A69BA25806C4500DE847E /* NSObject+HLLRuntime.h */ = {isa = PBXFileReference; fileEncoding = 4; lastKnownFileType = sourcecode.c.h; path = "NSObject+HLLRuntime.h"; sourceTree = "<group>"; };
		077A69BB25806C4500DE847E /* NSHTTPURLResponse+Helper.h */ = {isa = PBXFileReference; fileEncoding = 4; lastKnownFileType = sourcecode.c.h; path = "NSHTTPURLResponse+Helper.h"; sourceTree = "<group>"; };
		077A69BC25806C4500DE847E /* NSURLRequest+Helper.h */ = {isa = PBXFileReference; fileEncoding = 4; lastKnownFileType = sourcecode.c.h; path = "NSURLRequest+Helper.h"; sourceTree = "<group>"; };
		077A69BD25806C4500DE847E /* NSURL+Helper.h */ = {isa = PBXFileReference; fileEncoding = 4; lastKnownFileType = sourcecode.c.h; path = "NSURL+Helper.h"; sourceTree = "<group>"; };
		077A69BE25806C4500DE847E /* HLLReachability.h */ = {isa = PBXFileReference; fileEncoding = 4; lastKnownFileType = sourcecode.c.h; path = HLLReachability.h; sourceTree = "<group>"; };
		077A69BF25806C4500DE847E /* NSURLConnection+Helper.m */ = {isa = PBXFileReference; fileEncoding = 4; lastKnownFileType = sourcecode.c.objc; path = "NSURLConnection+Helper.m"; sourceTree = "<group>"; };
		077A69C125806C4500DE847E /* HLLConfig.m */ = {isa = PBXFileReference; fileEncoding = 4; lastKnownFileType = sourcecode.c.objc; path = HLLConfig.m; sourceTree = "<group>"; };
		077A69C225806C4500DE847E /* HLLNetWorkMonitorManager.m */ = {isa = PBXFileReference; fileEncoding = 4; lastKnownFileType = sourcecode.c.objc; path = HLLNetWorkMonitorManager.m; sourceTree = "<group>"; };
		077A69C325806C4500DE847E /* HLLNetworkMonitorDef.h */ = {isa = PBXFileReference; fileEncoding = 4; lastKnownFileType = sourcecode.c.h; path = HLLNetworkMonitorDef.h; sourceTree = "<group>"; };
		077A69C425806C4500DE847E /* HLLConfig.h */ = {isa = PBXFileReference; fileEncoding = 4; lastKnownFileType = sourcecode.c.h; path = HLLConfig.h; sourceTree = "<group>"; };
		077A69C525806C4500DE847E /* HLLNetWorkMonitorManager.h */ = {isa = PBXFileReference; fileEncoding = 4; lastKnownFileType = sourcecode.c.h; path = HLLNetWorkMonitorManager.h; sourceTree = "<group>"; };
		077A69CA25806C4500DE847E /* NSData+GZIP.h */ = {isa = PBXFileReference; fileEncoding = 4; lastKnownFileType = sourcecode.c.h; path = "NSData+GZIP.h"; sourceTree = "<group>"; };
		077A69CB25806C4500DE847E /* NSData+GZIP.m */ = {isa = PBXFileReference; fileEncoding = 4; lastKnownFileType = sourcecode.c.objc; path = "NSData+GZIP.m"; sourceTree = "<group>"; };
		077A69CC25806C4500DE847E /* HLLNetworkMonitor.h */ = {isa = PBXFileReference; fileEncoding = 4; lastKnownFileType = sourcecode.c.h; path = HLLNetworkMonitor.h; sourceTree = "<group>"; };
		077A69CE25806C4500DE847E /* HLLNetUtils.m */ = {isa = PBXFileReference; fileEncoding = 4; lastKnownFileType = sourcecode.c.objc; path = HLLNetUtils.m; sourceTree = "<group>"; };
		077A69CF25806C4500DE847E /* HLLNetUtils.h */ = {isa = PBXFileReference; fileEncoding = 4; lastKnownFileType = sourcecode.c.h; path = HLLNetUtils.h; sourceTree = "<group>"; };
		077A69D125806C4500DE847E /* HLLProxy.m */ = {isa = PBXFileReference; fileEncoding = 4; lastKnownFileType = sourcecode.c.objc; path = HLLProxy.m; sourceTree = "<group>"; };
		077A69D225806C4500DE847E /* HLLHooker.h */ = {isa = PBXFileReference; fileEncoding = 4; lastKnownFileType = sourcecode.c.h; path = HLLHooker.h; sourceTree = "<group>"; };
		077A69D325806C4500DE847E /* HLLURLProtocol.m */ = {isa = PBXFileReference; fileEncoding = 4; lastKnownFileType = sourcecode.c.objc; path = HLLURLProtocol.m; sourceTree = "<group>"; };
		077A69D425806C4500DE847E /* HLLObjectDelegate.h */ = {isa = PBXFileReference; fileEncoding = 4; lastKnownFileType = sourcecode.c.h; path = HLLObjectDelegate.h; sourceTree = "<group>"; };
		077A69D525806C4500DE847E /* HLLProxy.h */ = {isa = PBXFileReference; fileEncoding = 4; lastKnownFileType = sourcecode.c.h; path = HLLProxy.h; sourceTree = "<group>"; };
		077A69D625806C4500DE847E /* HLLHooker.m */ = {isa = PBXFileReference; fileEncoding = 4; lastKnownFileType = sourcecode.c.objc; path = HLLHooker.m; sourceTree = "<group>"; };
		077A69D725806C4500DE847E /* HLLObjectDelegate.m */ = {isa = PBXFileReference; fileEncoding = 4; lastKnownFileType = sourcecode.c.objc; path = HLLObjectDelegate.m; sourceTree = "<group>"; };
		077A69D825806C4500DE847E /* HLLURLProtocol.h */ = {isa = PBXFileReference; fileEncoding = 4; lastKnownFileType = sourcecode.c.h; path = HLLURLProtocol.h; sourceTree = "<group>"; };
		077A69DA25806C4500DE847E /* HLLCommonModel.h */ = {isa = PBXFileReference; fileEncoding = 4; lastKnownFileType = sourcecode.c.h; path = HLLCommonModel.h; sourceTree = "<group>"; };
		077A69DB25806C4500DE847E /* HLLCommonModel.m */ = {isa = PBXFileReference; fileEncoding = 4; lastKnownFileType = sourcecode.c.objc; path = HLLCommonModel.m; sourceTree = "<group>"; };
		077A69DE25806C4500DE847E /* EagleEye.xcdatamodel */ = {isa = PBXFileReference; lastKnownFileType = wrapper.xcdatamodel; path = EagleEye.xcdatamodel; sourceTree = "<group>"; };
		077A69E025806C4500DE847E /* HLLBaseData.h */ = {isa = PBXFileReference; fileEncoding = 4; lastKnownFileType = sourcecode.c.h; path = HLLBaseData.h; sourceTree = "<group>"; };
		077A69E125806C4500DE847E /* HLLDataEntiy.m */ = {isa = PBXFileReference; fileEncoding = 4; lastKnownFileType = sourcecode.c.objc; path = HLLDataEntiy.m; sourceTree = "<group>"; };
		077A69E225806C4500DE847E /* HLLDataEntiy.h */ = {isa = PBXFileReference; fileEncoding = 4; lastKnownFileType = sourcecode.c.h; path = HLLDataEntiy.h; sourceTree = "<group>"; };
		077A69E325806C4500DE847E /* HLLBaseData.m */ = {isa = PBXFileReference; fileEncoding = 4; lastKnownFileType = sourcecode.c.objc; path = HLLBaseData.m; sourceTree = "<group>"; };
		077A69E925806C4500DE847E /* Info.plist */ = {isa = PBXFileReference; fileEncoding = 4; lastKnownFileType = text.plist.xml; path = Info.plist; sourceTree = "<group>"; };
		077A6A2A25806D9500DE847E /* NMData+CoreDataProperties.m */ = {isa = PBXFileReference; fileEncoding = 4; lastKnownFileType = sourcecode.c.objc; path = "NMData+CoreDataProperties.m"; sourceTree = "<group>"; };
		077A6A2B25806D9500DE847E /* NMData+CoreDataClass.m */ = {isa = PBXFileReference; fileEncoding = 4; lastKnownFileType = sourcecode.c.objc; path = "NMData+CoreDataClass.m"; sourceTree = "<group>"; };
		077A6A2C25806D9500DE847E /* NMData+CoreDataClass.h */ = {isa = PBXFileReference; fileEncoding = 4; lastKnownFileType = sourcecode.c.h; path = "NMData+CoreDataClass.h"; sourceTree = "<group>"; };
		077A6A2D25806D9500DE847E /* NMData+CoreDataProperties.h */ = {isa = PBXFileReference; fileEncoding = 4; lastKnownFileType = sourcecode.c.h; path = "NMData+CoreDataProperties.h"; sourceTree = "<group>"; };
		78E5896F2125188300C388BC /* HLLNetworkMonitor.framework */ = {isa = PBXFileReference; explicitFileType = wrapper.framework; includeInIndex = 0; path = HLLNetworkMonitor.framework; sourceTree = BUILT_PRODUCTS_DIR; };
		78E589782125188300C388BC /* HLLNetworkMonitorTests.xctest */ = {isa = PBXFileReference; explicitFileType = wrapper.cfbundle; includeInIndex = 0; path = HLLNetworkMonitorTests.xctest; sourceTree = BUILT_PRODUCTS_DIR; };
		78E5897D2125188300C388BC /* NetworkMonitorTests.m */ = {isa = PBXFileReference; lastKnownFileType = sourcecode.c.objc; path = NetworkMonitorTests.m; sourceTree = "<group>"; };
		78E5897F2125188300C388BC /* Info.plist */ = {isa = PBXFileReference; lastKnownFileType = text.plist.xml; path = Info.plist; sourceTree = "<group>"; };
/* End PBXFileReference section */

/* Begin PBXFrameworksBuildPhase section */
		78E5896B2125188300C388BC /* Frameworks */ = {
			isa = PBXFrameworksBuildPhase;
			buildActionMask = 2147483647;
			files = (
			);
			runOnlyForDeploymentPostprocessing = 0;
		};
		78E589752125188300C388BC /* Frameworks */ = {
			isa = PBXFrameworksBuildPhase;
			buildActionMask = 2147483647;
			files = (
				78E589792125188300C388BC /* HLLNetworkMonitor.framework in Frameworks */,
			);
			runOnlyForDeploymentPostprocessing = 0;
		};
/* End PBXFrameworksBuildPhase section */

/* Begin PBXGroup section */
		077A69A525806C4400DE847E /* NetworkMonitor */ = {
			isa = PBXGroup;
			children = (
				077A69A625806C4400DE847E /* Ping */,
				077A69AB25806C4400DE847E /* Cache */,
				077A69B025806C4500DE847E /* NetworkMonitor.pch */,
				077A69B125806C4500DE847E /* Category */,
				077A69C025806C4500DE847E /* Config */,
				077A69C625806C4500DE847E /* NMDatabase */,
				077A69C925806C4500DE847E /* Third */,
				077A69CC25806C4500DE847E /* HLLNetworkMonitor.h */,
				077A69CD25806C4500DE847E /* Utils */,
				077A69D025806C4500DE847E /* AOP */,
				077A69D925806C4500DE847E /* Common */,
				077A69DC25806C4500DE847E /* Data */,
				077A69E925806C4500DE847E /* Info.plist */,
			);
			path = NetworkMonitor;
			sourceTree = "<group>";
		};
		077A69A625806C4400DE847E /* Ping */ = {
			isa = PBXGroup;
			children = (
				077A69A925806C4400DE847E /* HLLPingManager.h */,
				077A69A825806C4400DE847E /* HLLPingManager.m */,
				077A69A725806C4400DE847E /* HLLPingTester.h */,
				077A69AA25806C4400DE847E /* HLLPingTester.m */,
			);
			path = Ping;
			sourceTree = "<group>";
		};
		077A69AB25806C4400DE847E /* Cache */ = {
			isa = PBXGroup;
			children = (
				077A69AF25806C4500DE847E /* HLLDataModel.h */,
				077A69AD25806C4400DE847E /* HLLDataModel.m */,
				077A69AC25806C4400DE847E /* HLLCache.h */,
				077A69AE25806C4500DE847E /* HLLCache.m */,
			);
			path = Cache;
			sourceTree = "<group>";
		};
		077A69B125806C4500DE847E /* Category */ = {
			isa = PBXGroup;
			children = (
				077A69BA25806C4500DE847E /* NSObject+HLLRuntime.h */,
				077A69B225806C4500DE847E /* NSObject+HLLRuntime.m */,
				077A69B925806C4500DE847E /* NSURLSession+Helper.h */,
				077A69B325806C4500DE847E /* NSURLSession+Helper.m */,
				077A69BB25806C4500DE847E /* NSHTTPURLResponse+Helper.h */,
				077A69B625806C4500DE847E /* NSHTTPURLResponse+Helper.m */,
				077A69BE25806C4500DE847E /* HLLReachability.h */,
				077A69B725806C4500DE847E /* HLLReachability.m */,
				077A69BC25806C4500DE847E /* NSURLRequest+Helper.h */,
				077A69B525806C4500DE847E /* NSURLRequest+Helper.m */,
				077A69BD25806C4500DE847E /* NSURL+Helper.h */,
				077A69B425806C4500DE847E /* NSURL+Helper.m */,
				077A69B825806C4500DE847E /* NSURLConnection+Helper.h */,
				077A69BF25806C4500DE847E /* NSURLConnection+Helper.m */,
			);
			path = Category;
			sourceTree = "<group>";
		};
		077A69C025806C4500DE847E /* Config */ = {
			isa = PBXGroup;
			children = (
				077A69C425806C4500DE847E /* HLLConfig.h */,
				077A69C125806C4500DE847E /* HLLConfig.m */,
				077A69C325806C4500DE847E /* HLLNetworkMonitorDef.h */,
				077A69C525806C4500DE847E /* HLLNetWorkMonitorManager.h */,
				077A69C225806C4500DE847E /* HLLNetWorkMonitorManager.m */,
			);
			path = Config;
			sourceTree = "<group>";
		};
		077A69C625806C4500DE847E /* NMDatabase */ = {
			isa = PBXGroup;
			children = (
			);
			path = NMDatabase;
			sourceTree = "<group>";
		};
		077A69C925806C4500DE847E /* Third */ = {
			isa = PBXGroup;
			children = (
				077A69CA25806C4500DE847E /* NSData+GZIP.h */,
				077A69CB25806C4500DE847E /* NSData+GZIP.m */,
			);
			path = Third;
			sourceTree = "<group>";
		};
		077A69CD25806C4500DE847E /* Utils */ = {
			isa = PBXGroup;
			children = (
				077A69CF25806C4500DE847E /* HLLNetUtils.h */,
				077A69CE25806C4500DE847E /* HLLNetUtils.m */,
			);
			path = Utils;
			sourceTree = "<group>";
		};
		077A69D025806C4500DE847E /* AOP */ = {
			isa = PBXGroup;
			children = (
				077A69D525806C4500DE847E /* HLLProxy.h */,
				077A69D125806C4500DE847E /* HLLProxy.m */,
				077A69D225806C4500DE847E /* HLLHooker.h */,
				077A69D625806C4500DE847E /* HLLHooker.m */,
				077A69D825806C4500DE847E /* HLLURLProtocol.h */,
				077A69D325806C4500DE847E /* HLLURLProtocol.m */,
				077A69D425806C4500DE847E /* HLLObjectDelegate.h */,
				077A69D725806C4500DE847E /* HLLObjectDelegate.m */,
			);
			path = AOP;
			sourceTree = "<group>";
		};
		077A69D925806C4500DE847E /* Common */ = {
			isa = PBXGroup;
			children = (
				077A69DA25806C4500DE847E /* HLLCommonModel.h */,
				077A69DB25806C4500DE847E /* HLLCommonModel.m */,
			);
			path = Common;
			sourceTree = "<group>";
		};
		077A69DC25806C4500DE847E /* Data */ = {
			isa = PBXGroup;
			children = (
				077A69DD25806C4500DE847E /* NetworkMonitor.xcdatamodeld */,
				077A69DF25806C4500DE847E /* Entiy */,
				077A69E425806C4500DE847E /* Model */,
			);
			path = Data;
			sourceTree = "<group>";
		};
		077A69DF25806C4500DE847E /* Entiy */ = {
			isa = PBXGroup;
			children = (
				077A69E025806C4500DE847E /* HLLBaseData.h */,
				077A69E125806C4500DE847E /* HLLDataEntiy.m */,
				077A69E225806C4500DE847E /* HLLDataEntiy.h */,
				077A69E325806C4500DE847E /* HLLBaseData.m */,
			);
			path = Entiy;
			sourceTree = "<group>";
		};
		077A69E425806C4500DE847E /* Model */ = {
			isa = PBXGroup;
			children = (
				077A6A2C25806D9500DE847E /* NMData+CoreDataClass.h */,
				077A6A2B25806D9500DE847E /* NMData+CoreDataClass.m */,
				077A6A2D25806D9500DE847E /* NMData+CoreDataProperties.h */,
				077A6A2A25806D9500DE847E /* NMData+CoreDataProperties.m */,
			);
			path = Model;
			sourceTree = "<group>";
		};
		78E589652125188300C388BC = {
			isa = PBXGroup;
			children = (
				077A69A525806C4400DE847E /* NetworkMonitor */,
				78E5897C2125188300C388BC /* NetworkMonitorTests */,
				78E589702125188300C388BC /* Products */,
			);
			sourceTree = "<group>";
		};
		78E589702125188300C388BC /* Products */ = {
			isa = PBXGroup;
			children = (
				78E5896F2125188300C388BC /* HLLNetworkMonitor.framework */,
				78E589782125188300C388BC /* HLLNetworkMonitorTests.xctest */,
			);
			name = Products;
			sourceTree = "<group>";
		};
		78E5897C2125188300C388BC /* NetworkMonitorTests */ = {
			isa = PBXGroup;
			children = (
				78E5897D2125188300C388BC /* NetworkMonitorTests.m */,
				78E5897F2125188300C388BC /* Info.plist */,
			);
			path = NetworkMonitorTests;
			sourceTree = "<group>";
		};
/* End PBXGroup section */

/* Begin PBXHeadersBuildPhase section */
		78E5896C2125188300C388BC /* Headers */ = {
			isa = PBXHeadersBuildPhase;
			buildActionMask = 2147483647;
			files = (
				077A69FE25806C4500DE847E /* NSURL+Helper.h in Headers */,
				077A69FC25806C4500DE847E /* NSHTTPURLResponse+Helper.h in Headers */,
				077A69EC25806C4500DE847E /* HLLPingManager.h in Headers */,
				077A6A0925806C4500DE847E /* HLLNetworkMonitor.h in Headers */,
				077A6A0325806C4500DE847E /* HLLNetworkMonitorDef.h in Headers */,
				077A69FB25806C4500DE847E /* NSObject+HLLRuntime.h in Headers */,
				077A69FF25806C4500DE847E /* HLLReachability.h in Headers */,
				077A69F925806C4500DE847E /* NSURLConnection+Helper.h in Headers */,
				077A69FA25806C4500DE847E /* NSURLSession+Helper.h in Headers */,
				077A6A0425806C4500DE847E /* HLLConfig.h in Headers */,
				077A69FD25806C4500DE847E /* NSURLRequest+Helper.h in Headers */,
				077A69EA25806C4500DE847E /* HLLPingTester.h in Headers */,
				077A6A0525806C4500DE847E /* HLLNetWorkMonitorManager.h in Headers */,
				077A6A1025806C4500DE847E /* HLLProxy.h in Headers */,
				077A6A0725806C4500DE847E /* NSData+GZIP.h in Headers */,
				077A6A3125806D9500DE847E /* NMData+CoreDataProperties.h in Headers */,
				077A6A0D25806C4500DE847E /* HLLHooker.h in Headers */,
				077A6A0B25806C4500DE847E /* HLLNetUtils.h in Headers */,
				077A6A1425806C4500DE847E /* HLLCommonModel.h in Headers */,
				077A6A0F25806C4500DE847E /* HLLObjectDelegate.h in Headers */,
				077A69EE25806C4500DE847E /* HLLCache.h in Headers */,
				077A6A1725806C4500DE847E /* HLLBaseData.h in Headers */,
				077A6A3025806D9500DE847E /* NMData+CoreDataClass.h in Headers */,
				077A6A1325806C4500DE847E /* HLLURLProtocol.h in Headers */,
				077A6A1925806C4600DE847E /* HLLDataEntiy.h in Headers */,
				077A69F225806C4500DE847E /* NetworkMonitor.pch in Headers */,
				077A69F125806C4500DE847E /* HLLDataModel.h in Headers */,
			);
			runOnlyForDeploymentPostprocessing = 0;
		};
/* End PBXHeadersBuildPhase section */

/* Begin PBXNativeTarget section */
		78E5896E2125188300C388BC /* HLLNetworkMonitor */ = {
			isa = PBXNativeTarget;
			buildConfigurationList = 78E589832125188300C388BC /* Build configuration list for PBXNativeTarget "HLLNetworkMonitor" */;
			buildPhases = (
				78E5896A2125188300C388BC /* Sources */,
				78E5896B2125188300C388BC /* Frameworks */,
				78E5896C2125188300C388BC /* Headers */,
				78E5896D2125188300C388BC /* Resources */,
			);
			buildRules = (
			);
			dependencies = (
			);
			name = HLLNetworkMonitor;
			productName = NetworkMonitor;
			productReference = 78E5896F2125188300C388BC /* HLLNetworkMonitor.framework */;
			productType = "com.apple.product-type.framework";
		};
		78E589772125188300C388BC /* HLLNetworkMonitorTests */ = {
			isa = PBXNativeTarget;
			buildConfigurationList = 78E589862125188300C388BC /* Build configuration list for PBXNativeTarget "HLLNetworkMonitorTests" */;
			buildPhases = (
				78E589742125188300C388BC /* Sources */,
				78E589752125188300C388BC /* Frameworks */,
				78E589762125188300C388BC /* Resources */,
			);
			buildRules = (
			);
			dependencies = (
				78E5897B2125188300C388BC /* PBXTargetDependency */,
			);
			name = HLLNetworkMonitorTests;
			productName = NetworkMonitorTests;
			productReference = 78E589782125188300C388BC /* HLLNetworkMonitorTests.xctest */;
			productType = "com.apple.product-type.bundle.unit-test";
		};
/* End PBXNativeTarget section */

/* Begin PBXProject section */
		78E589662125188300C388BC /* Project object */ = {
			isa = PBXProject;
			attributes = {
				LastUpgradeCheck = 0940;
				ORGANIZATIONNAME = frog78;
				TargetAttributes = {
					78E5896E2125188300C388BC = {
						CreatedOnToolsVersion = 9.4.1;
					};
					78E589772125188300C388BC = {
						CreatedOnToolsVersion = 9.4.1;
					};
				};
			};
			buildConfigurationList = 78E589692125188300C388BC /* Build configuration list for PBXProject "HLLNetworkMonitor" */;
			compatibilityVersion = "Xcode 9.3";
			developmentRegion = en;
			hasScannedForEncodings = 0;
			knownRegions = (
				en,
			);
			mainGroup = 78E589652125188300C388BC;
			productRefGroup = 78E589702125188300C388BC /* Products */;
			projectDirPath = "";
			projectRoot = "";
			targets = (
				78E5896E2125188300C388BC /* HLLNetworkMonitor */,
				78E589772125188300C388BC /* HLLNetworkMonitorTests */,
			);
		};
/* End PBXProject section */

/* Begin PBXResourcesBuildPhase section */
		78E5896D2125188300C388BC /* Resources */ = {
			isa = PBXResourcesBuildPhase;
			buildActionMask = 2147483647;
			files = (
				077A6A1F25806C4600DE847E /* Info.plist in Resources */,
			);
			runOnlyForDeploymentPostprocessing = 0;
		};
		78E589762125188300C388BC /* Resources */ = {
			isa = PBXResourcesBuildPhase;
			buildActionMask = 2147483647;
			files = (
			);
			runOnlyForDeploymentPostprocessing = 0;
		};
/* End PBXResourcesBuildPhase section */

/* Begin PBXSourcesBuildPhase section */
		78E5896A2125188300C388BC /* Sources */ = {
			isa = PBXSourcesBuildPhase;
			buildActionMask = 2147483647;
			files = (
				077A6AA3258078D600DE847E /* NSURLSession+Helper.m in Sources */,
				077A6A0A25806C4500DE847E /* HLLNetUtils.m in Sources */,
				077A69F625806C4500DE847E /* NSURLRequest+Helper.m in Sources */,
				077A6A0225806C4500DE847E /* HLLNetWorkMonitorManager.m in Sources */,
				077A69F725806C4500DE847E /* NSHTTPURLResponse+Helper.m in Sources */,
				077A69EB25806C4500DE847E /* HLLPingManager.m in Sources */,
				077A6A2F25806D9500DE847E /* NMData+CoreDataClass.m in Sources */,
				077A69F525806C4500DE847E /* NSURL+Helper.m in Sources */,
				077A6A0E25806C4500DE847E /* HLLURLProtocol.m in Sources */,
				077A6A0125806C4500DE847E /* HLLConfig.m in Sources */,
				077A6A1525806C4500DE847E /* HLLCommonModel.m in Sources */,
				077A6A1825806C4500DE847E /* HLLDataEntiy.m in Sources */,
				077A69F025806C4500DE847E /* HLLCache.m in Sources */,
				077A6A0825806C4500DE847E /* NSData+GZIP.m in Sources */,
				077A6A1625806C4500DE847E /* NetworkMonitor.xcdatamodeld in Sources */,
				077A6A1A25806C4600DE847E /* HLLBaseData.m in Sources */,
				077A6A2E25806D9500DE847E /* NMData+CoreDataProperties.m in Sources */,
				077A6A1125806C4500DE847E /* HLLHooker.m in Sources */,
				077A6A0C25806C4500DE847E /* HLLProxy.m in Sources */,
				077A69F825806C4500DE847E /* HLLReachability.m in Sources */,
				077A6A0025806C4500DE847E /* NSURLConnection+Helper.m in Sources */,
				077A69ED25806C4500DE847E /* HLLPingTester.m in Sources */,
				077A6A1225806C4500DE847E /* HLLObjectDelegate.m in Sources */,
				077A69F325806C4500DE847E /* NSObject+HLLRuntime.m in Sources */,
				077A69EF25806C4500DE847E /* HLLDataModel.m in Sources */,
			);
			runOnlyForDeploymentPostprocessing = 0;
		};
		78E589742125188300C388BC /* Sources */ = {
			isa = PBXSourcesBuildPhase;
			buildActionMask = 2147483647;
			files = (
				78E5897E2125188300C388BC /* NetworkMonitorTests.m in Sources */,
			);
			runOnlyForDeploymentPostprocessing = 0;
		};
/* End PBXSourcesBuildPhase section */

/* Begin PBXTargetDependency section */
		78E5897B2125188300C388BC /* PBXTargetDependency */ = {
			isa = PBXTargetDependency;
			target = 78E5896E2125188300C388BC /* HLLNetworkMonitor */;
			targetProxy = 78E5897A2125188300C388BC /* PBXContainerItemProxy */;
		};
/* End PBXTargetDependency section */

/* Begin XCBuildConfiguration section */
		78E589812125188300C388BC /* Debug */ = {
			isa = XCBuildConfiguration;
			buildSettings = {
				ALWAYS_SEARCH_USER_PATHS = NO;
				CLANG_ANALYZER_NONNULL = YES;
				CLANG_ANALYZER_NUMBER_OBJECT_CONVERSION = YES_AGGRESSIVE;
				CLANG_CXX_LANGUAGE_STANDARD = "gnu++14";
				CLANG_CXX_LIBRARY = "libc++";
				CLANG_ENABLE_MODULES = YES;
				CLANG_ENABLE_OBJC_ARC = YES;
				CLANG_ENABLE_OBJC_WEAK = YES;
				CLANG_WARN_BLOCK_CAPTURE_AUTORELEASING = YES;
				CLANG_WARN_BOOL_CONVERSION = YES;
				CLANG_WARN_COMMA = YES;
				CLANG_WARN_CONSTANT_CONVERSION = YES;
				CLANG_WARN_DEPRECATED_OBJC_IMPLEMENTATIONS = YES;
				CLANG_WARN_DIRECT_OBJC_ISA_USAGE = YES_ERROR;
				CLANG_WARN_DOCUMENTATION_COMMENTS = YES;
				CLANG_WARN_EMPTY_BODY = YES;
				CLANG_WARN_ENUM_CONVERSION = YES;
				CLANG_WARN_INFINITE_RECURSION = YES;
				CLANG_WARN_INT_CONVERSION = YES;
				CLANG_WARN_NON_LITERAL_NULL_CONVERSION = YES;
				CLANG_WARN_OBJC_IMPLICIT_RETAIN_SELF = YES;
				CLANG_WARN_OBJC_LITERAL_CONVERSION = YES;
				CLANG_WARN_OBJC_ROOT_CLASS = YES_ERROR;
				CLANG_WARN_RANGE_LOOP_ANALYSIS = YES;
				CLANG_WARN_STRICT_PROTOTYPES = YES;
				CLANG_WARN_SUSPICIOUS_MOVE = YES;
				CLANG_WARN_UNGUARDED_AVAILABILITY = YES_AGGRESSIVE;
				CLANG_WARN_UNREACHABLE_CODE = YES;
				CLANG_WARN__DUPLICATE_METHOD_MATCH = YES;
				CODE_SIGN_IDENTITY = "iPhone Developer";
				COPY_PHASE_STRIP = NO;
				CURRENT_PROJECT_VERSION = 1;
				DEBUG_INFORMATION_FORMAT = dwarf;
				ENABLE_STRICT_OBJC_MSGSEND = YES;
				ENABLE_TESTABILITY = YES;
				GCC_C_LANGUAGE_STANDARD = gnu11;
				GCC_DYNAMIC_NO_PIC = NO;
				GCC_NO_COMMON_BLOCKS = YES;
				GCC_OPTIMIZATION_LEVEL = 0;
				GCC_PREPROCESSOR_DEFINITIONS = (
					"DEBUG=1",
					"$(inherited)",
				);
				GCC_WARN_64_TO_32_BIT_CONVERSION = YES;
				GCC_WARN_ABOUT_RETURN_TYPE = YES_ERROR;
				GCC_WARN_UNDECLARED_SELECTOR = YES;
				GCC_WARN_UNINITIALIZED_AUTOS = YES_AGGRESSIVE;
				GCC_WARN_UNUSED_FUNCTION = YES;
				GCC_WARN_UNUSED_VARIABLE = YES;
				IPHONEOS_DEPLOYMENT_TARGET = 11.4;
				MTL_ENABLE_DEBUG_INFO = YES;
				ONLY_ACTIVE_ARCH = YES;
				SDKROOT = iphoneos;
				VERSIONING_SYSTEM = "apple-generic";
				VERSION_INFO_PREFIX = "";
			};
			name = Debug;
		};
		78E589822125188300C388BC /* Release */ = {
			isa = XCBuildConfiguration;
			buildSettings = {
				ALWAYS_SEARCH_USER_PATHS = NO;
				CLANG_ANALYZER_NONNULL = YES;
				CLANG_ANALYZER_NUMBER_OBJECT_CONVERSION = YES_AGGRESSIVE;
				CLANG_CXX_LANGUAGE_STANDARD = "gnu++14";
				CLANG_CXX_LIBRARY = "libc++";
				CLANG_ENABLE_MODULES = YES;
				CLANG_ENABLE_OBJC_ARC = YES;
				CLANG_ENABLE_OBJC_WEAK = YES;
				CLANG_WARN_BLOCK_CAPTURE_AUTORELEASING = YES;
				CLANG_WARN_BOOL_CONVERSION = YES;
				CLANG_WARN_COMMA = YES;
				CLANG_WARN_CONSTANT_CONVERSION = YES;
				CLANG_WARN_DEPRECATED_OBJC_IMPLEMENTATIONS = YES;
				CLANG_WARN_DIRECT_OBJC_ISA_USAGE = YES_ERROR;
				CLANG_WARN_DOCUMENTATION_COMMENTS = YES;
				CLANG_WARN_EMPTY_BODY = YES;
				CLANG_WARN_ENUM_CONVERSION = YES;
				CLANG_WARN_INFINITE_RECURSION = YES;
				CLANG_WARN_INT_CONVERSION = YES;
				CLANG_WARN_NON_LITERAL_NULL_CONVERSION = YES;
				CLANG_WARN_OBJC_IMPLICIT_RETAIN_SELF = YES;
				CLANG_WARN_OBJC_LITERAL_CONVERSION = YES;
				CLANG_WARN_OBJC_ROOT_CLASS = YES_ERROR;
				CLANG_WARN_RANGE_LOOP_ANALYSIS = YES;
				CLANG_WARN_STRICT_PROTOTYPES = YES;
				CLANG_WARN_SUSPICIOUS_MOVE = YES;
				CLANG_WARN_UNGUARDED_AVAILABILITY = YES_AGGRESSIVE;
				CLANG_WARN_UNREACHABLE_CODE = YES;
				CLANG_WARN__DUPLICATE_METHOD_MATCH = YES;
				CODE_SIGN_IDENTITY = "iPhone Developer";
				COPY_PHASE_STRIP = NO;
				CURRENT_PROJECT_VERSION = 1;
				DEBUG_INFORMATION_FORMAT = "dwarf-with-dsym";
				ENABLE_NS_ASSERTIONS = NO;
				ENABLE_STRICT_OBJC_MSGSEND = YES;
				GCC_C_LANGUAGE_STANDARD = gnu11;
				GCC_NO_COMMON_BLOCKS = YES;
				GCC_WARN_64_TO_32_BIT_CONVERSION = YES;
				GCC_WARN_ABOUT_RETURN_TYPE = YES_ERROR;
				GCC_WARN_UNDECLARED_SELECTOR = YES;
				GCC_WARN_UNINITIALIZED_AUTOS = YES_AGGRESSIVE;
				GCC_WARN_UNUSED_FUNCTION = YES;
				GCC_WARN_UNUSED_VARIABLE = YES;
				IPHONEOS_DEPLOYMENT_TARGET = 11.4;
				MTL_ENABLE_DEBUG_INFO = NO;
				SDKROOT = iphoneos;
				VALIDATE_PRODUCT = YES;
				VERSIONING_SYSTEM = "apple-generic";
				VERSION_INFO_PREFIX = "";
			};
			name = Release;
		};
		78E589842125188300C388BC /* Debug */ = {
			isa = XCBuildConfiguration;
			buildSettings = {
				CODE_SIGN_IDENTITY = "Apple Development";
				"CODE_SIGN_IDENTITY[sdk=macosx*]" = "-";
				CODE_SIGN_STYLE = Automatic;
				DEFINES_MODULE = YES;
				DEVELOPMENT_TEAM = 2332ATH7DA;
				DYLIB_COMPATIBILITY_VERSION = 1;
				DYLIB_CURRENT_VERSION = 1;
				DYLIB_INSTALL_NAME_BASE = "@rpath";
				GCC_PREFIX_HEADER = /Users/forest/objc_study/NetworkMonitor/NetworkMonitor/NetworkMonitor/NetworkMonitor.pch;
				INFOPLIST_FILE = "";
				INSTALL_PATH = "$(LOCAL_LIBRARY_DIR)/Frameworks";
				LD_RUNPATH_SEARCH_PATHS = (
					"$(inherited)",
					"@executable_path/Frameworks",
					"@loader_path/Frameworks",
				);
				MACH_O_TYPE = mh_dylib;
				MARKETING_VERSION = 1.0.0;
				PRODUCT_BUNDLE_IDENTIFIER = com.ad61v1.drawLiveENT;
				"PRODUCT_BUNDLE_IDENTIFIER[sdk=macosx*]" = "";
				PRODUCT_NAME = "$(TARGET_NAME:c99extidentifier)";
				SKIP_INSTALL = YES;
				TARGETED_DEVICE_FAMILY = "1,2";
				VALID_ARCHS = "arm64 armv7s";
			};
			name = Debug;
		};
		78E589852125188300C388BC /* Release */ = {
			isa = XCBuildConfiguration;
			buildSettings = {
				CODE_SIGN_IDENTITY = "Apple Development";
				"CODE_SIGN_IDENTITY[sdk=macosx*]" = "-";
				CODE_SIGN_STYLE = Automatic;
				DEFINES_MODULE = YES;
				DEVELOPMENT_TEAM = 2332ATH7DA;
				DYLIB_COMPATIBILITY_VERSION = 1;
				DYLIB_CURRENT_VERSION = 1;
				DYLIB_INSTALL_NAME_BASE = "@rpath";
				GCC_PREFIX_HEADER = /Users/forest/objc_study/NetworkMonitor/NetworkMonitor/NetworkMonitor/NetworkMonitor.pch;
				INFOPLIST_FILE = "";
				INSTALL_PATH = "$(LOCAL_LIBRARY_DIR)/Frameworks";
				LD_RUNPATH_SEARCH_PATHS = (
					"$(inherited)",
					"@executable_path/Frameworks",
					"@loader_path/Frameworks",
				);
				MACH_O_TYPE = mh_dylib;
				MARKETING_VERSION = 1.0.0;
				PRODUCT_BUNDLE_IDENTIFIER = com.ad61v1.drawLiveENT;
				"PRODUCT_BUNDLE_IDENTIFIER[sdk=macosx*]" = "";
				PRODUCT_NAME = "$(TARGET_NAME:c99extidentifier)";
				SKIP_INSTALL = YES;
				TARGETED_DEVICE_FAMILY = "1,2";
				VALID_ARCHS = "arm64 armv7s";
			};
			name = Release;
		};
		78E589872125188300C388BC /* Debug */ = {
			isa = XCBuildConfiguration;
			buildSettings = {
				CODE_SIGN_STYLE = Automatic;
				DEVELOPMENT_TEAM = 66H8Z5M693;
				INFOPLIST_FILE = NetworkMonitorTests/Info.plist;
				LD_RUNPATH_SEARCH_PATHS = (
					"$(inherited)",
					"@executable_path/Frameworks",
					"@loader_path/Frameworks",
				);
				PRODUCT_BUNDLE_IDENTIFIER = com.frog78.NetworkMonitorTests;
				PRODUCT_NAME = "$(TARGET_NAME)";
				TARGETED_DEVICE_FAMILY = "1,2";
			};
			name = Debug;
		};
		78E589882125188300C388BC /* Release */ = {
			isa = XCBuildConfiguration;
			buildSettings = {
				CODE_SIGN_STYLE = Automatic;
				DEVELOPMENT_TEAM = 66H8Z5M693;
				INFOPLIST_FILE = NetworkMonitorTests/Info.plist;
				LD_RUNPATH_SEARCH_PATHS = (
					"$(inherited)",
					"@executable_path/Frameworks",
					"@loader_path/Frameworks",
				);
				PRODUCT_BUNDLE_IDENTIFIER = com.frog78.NetworkMonitorTests;
				PRODUCT_NAME = "$(TARGET_NAME)";
				TARGETED_DEVICE_FAMILY = "1,2";
			};
			name = Release;
		};
/* End XCBuildConfiguration section */

/* Begin XCConfigurationList section */
		78E589692125188300C388BC /* Build configuration list for PBXProject "HLLNetworkMonitor" */ = {
			isa = XCConfigurationList;
			buildConfigurations = (
				78E589812125188300C388BC /* Debug */,
				78E589822125188300C388BC /* Release */,
			);
			defaultConfigurationIsVisible = 0;
			defaultConfigurationName = Release;
		};
		78E589832125188300C388BC /* Build configuration list for PBXNativeTarget "HLLNetworkMonitor" */ = {
			isa = XCConfigurationList;
			buildConfigurations = (
				78E589842125188300C388BC /* Debug */,
				78E589852125188300C388BC /* Release */,
			);
			defaultConfigurationIsVisible = 0;
			defaultConfigurationName = Release;
		};
		78E589862125188300C388BC /* Build configuration list for PBXNativeTarget "HLLNetworkMonitorTests" */ = {
			isa = XCConfigurationList;
			buildConfigurations = (
				78E589872125188300C388BC /* Debug */,
				78E589882125188300C388BC /* Release */,
			);
			defaultConfigurationIsVisible = 0;
			defaultConfigurationName = Release;
		};
/* End XCConfigurationList section */

/* Begin XCVersionGroup section */
		077A69DD25806C4500DE847E /* NetworkMonitor.xcdatamodeld */ = {
			isa = XCVersionGroup;
			children = (
				077A69DE25806C4500DE847E /* EagleEye.xcdatamodel */,
			);
			currentVersion = 077A69DE25806C4500DE847E /* EagleEye.xcdatamodel */;
			path = NetworkMonitor.xcdatamodeld;
			sourceTree = "<group>";
			versionGroupType = wrapper.xcdatamodel;
		};
/* End XCVersionGroup section */
	};
	rootObject = 78E589662125188300C388BC /* Project object */;
}
