// !$*UTF8*$!
{
	archiveVersion = 1;
	classes = {
	};
	objectVersion = 46;
	objects = {

/* Begin PBXBuildFile section */
		9B2CFE821E0CFCEC00D24B49 /* UIImage+DWImageUtils.m in Sources */ = {isa = PBXBuildFile; fileRef = 9B2CFE811E0CFCEC00D24B49 /* UIImage+DWImageUtils.m */; };
		9B2CFE841E0CFDD300D24B49 /* 1.jpg in Resources */ = {isa = PBXBuildFile; fileRef = 9B2CFE831E0CFDD300D24B49 /* 1.jpg */; };
		9B3656FE1CCA3C3800F68236 /* main.m in Sources */ = {isa = PBXBuildFile; fileRef = 9B3656FD1CCA3C3800F68236 /* main.m */; };
		9B3657011CCA3C3800F68236 /* AppDelegate.m in Sources */ = {isa = PBXBuildFile; fileRef = 9B3657001CCA3C3800F68236 /* AppDelegate.m */; };
		9B3657041CCA3C3800F68236 /* ViewController.m in Sources */ = {isa = PBXBuildFile; fileRef = 9B3657031CCA3C3800F68236 /* ViewController.m */; };
		9B3657071CCA3C3800F68236 /* Main.storyboard in Resources */ = {isa = PBXBuildFile; fileRef = 9B3657051CCA3C3800F68236 /* Main.storyboard */; };
		9B3657091CCA3C3800F68236 /* Assets.xcassets in Resources */ = {isa = PBXBuildFile; fileRef = 9B3657081CCA3C3800F68236 /* Assets.xcassets */; };
		9B36570C1CCA3C3800F68236 /* LaunchScreen.storyboard in Resources */ = {isa = PBXBuildFile; fileRef = 9B36570A1CCA3C3800F68236 /* LaunchScreen.storyboard */; };
		9B3657171CCA3C3900F68236 /* CoreTextDemoTests.m in Sources */ = {isa = PBXBuildFile; fileRef = 9B3657161CCA3C3900F68236 /* CoreTextDemoTests.m */; };
		9B3657221CCA3C3900F68236 /* CoreTextDemoUITests.m in Sources */ = {isa = PBXBuildFile; fileRef = 9B3657211CCA3C3900F68236 /* CoreTextDemoUITests.m */; };
		9B3657311CCA3C5E00F68236 /* CoreTextV.m in Sources */ = {isa = PBXBuildFile; fileRef = 9B3657301CCA3C5E00F68236 /* CoreTextV.m */; };
/* End PBXBuildFile section */

/* Begin PBXContainerItemProxy section */
		9B3657131CCA3C3900F68236 /* PBXContainerItemProxy */ = {
			isa = PBXContainerItemProxy;
			containerPortal = 9B3656F11CCA3C3800F68236 /* Project object */;
			proxyType = 1;
			remoteGlobalIDString = 9B3656F81CCA3C3800F68236;
			remoteInfo = CoreTextDemo;
		};
		9B36571E1CCA3C3900F68236 /* PBXContainerItemProxy */ = {
			isa = PBXContainerItemProxy;
			containerPortal = 9B3656F11CCA3C3800F68236 /* Project object */;
			proxyType = 1;
			remoteGlobalIDString = 9B3656F81CCA3C3800F68236;
			remoteInfo = CoreTextDemo;
		};
/* End PBXContainerItemProxy section */

/* Begin PBXFileReference section */
		9B2CFE801E0CFCEC00D24B49 /* UIImage+DWImageUtils.h */ = {isa = PBXFileReference; fileEncoding = 4; lastKnownFileType = sourcecode.c.h; path = "UIImage+DWImageUtils.h"; sourceTree = "<group>"; };
		9B2CFE811E0CFCEC00D24B49 /* UIImage+DWImageUtils.m */ = {isa = PBXFileReference; fileEncoding = 4; lastKnownFileType = sourcecode.c.objc; path = "UIImage+DWImageUtils.m"; sourceTree = "<group>"; };
		9B2CFE831E0CFDD300D24B49 /* 1.jpg */ = {isa = PBXFileReference; lastKnownFileType = image.jpeg; path = 1.jpg; sourceTree = "<group>"; };
		9B3656F91CCA3C3800F68236 /* CoreTextDemo.app */ = {isa = PBXFileReference; explicitFileType = wrapper.application; includeInIndex = 0; path = CoreTextDemo.app; sourceTree = BUILT_PRODUCTS_DIR; };
		9B3656FD1CCA3C3800F68236 /* main.m */ = {isa = PBXFileReference; lastKnownFileType = sourcecode.c.objc; path = main.m; sourceTree = "<group>"; };
		9B3656FF1CCA3C3800F68236 /* AppDelegate.h */ = {isa = PBXFileReference; lastKnownFileType = sourcecode.c.h; path = AppDelegate.h; sourceTree = "<group>"; };
		9B3657001CCA3C3800F68236 /* AppDelegate.m */ = {isa = PBXFileReference; lastKnownFileType = sourcecode.c.objc; path = AppDelegate.m; sourceTree = "<group>"; };
		9B3657021CCA3C3800F68236 /* ViewController.h */ = {isa = PBXFileReference; lastKnownFileType = sourcecode.c.h; path = ViewController.h; sourceTree = "<group>"; };
		9B3657031CCA3C3800F68236 /* ViewController.m */ = {isa = PBXFileReference; lastKnownFileType = sourcecode.c.objc; path = ViewController.m; sourceTree = "<group>"; };
		9B3657061CCA3C3800F68236 /* Base */ = {isa = PBXFileReference; lastKnownFileType = file.storyboard; name = Base; path = Base.lproj/Main.storyboard; sourceTree = "<group>"; };
		9B3657081CCA3C3800F68236 /* Assets.xcassets */ = {isa = PBXFileReference; lastKnownFileType = folder.assetcatalog; path = Assets.xcassets; sourceTree = "<group>"; };
		9B36570B1CCA3C3800F68236 /* Base */ = {isa = PBXFileReference; lastKnownFileType = file.storyboard; name = Base; path = Base.lproj/LaunchScreen.storyboard; sourceTree = "<group>"; };
		9B36570D1CCA3C3900F68236 /* Info.plist */ = {isa = PBXFileReference; lastKnownFileType = text.plist.xml; path = Info.plist; sourceTree = "<group>"; };
		9B3657121CCA3C3900F68236 /* CoreTextDemoTests.xctest */ = {isa = PBXFileReference; explicitFileType = wrapper.cfbundle; includeInIndex = 0; path = CoreTextDemoTests.xctest; sourceTree = BUILT_PRODUCTS_DIR; };
		9B3657161CCA3C3900F68236 /* CoreTextDemoTests.m */ = {isa = PBXFileReference; lastKnownFileType = sourcecode.c.objc; path = CoreTextDemoTests.m; sourceTree = "<group>"; };
		9B3657181CCA3C3900F68236 /* Info.plist */ = {isa = PBXFileReference; lastKnownFileType = text.plist.xml; path = Info.plist; sourceTree = "<group>"; };
		9B36571D1CCA3C3900F68236 /* CoreTextDemoUITests.xctest */ = {isa = PBXFileReference; explicitFileType = wrapper.cfbundle; includeInIndex = 0; path = CoreTextDemoUITests.xctest; sourceTree = BUILT_PRODUCTS_DIR; };
		9B3657211CCA3C3900F68236 /* CoreTextDemoUITests.m */ = {isa = PBXFileReference; lastKnownFileType = sourcecode.c.objc; path = CoreTextDemoUITests.m; sourceTree = "<group>"; };
		9B3657231CCA3C3900F68236 /* Info.plist */ = {isa = PBXFileReference; lastKnownFileType = text.plist.xml; path = Info.plist; sourceTree = "<group>"; };
		9B36572F1CCA3C5E00F68236 /* CoreTextV.h */ = {isa = PBXFileReference; fileEncoding = 4; lastKnownFileType = sourcecode.c.h; path = CoreTextV.h; sourceTree = "<group>"; };
		9B3657301CCA3C5E00F68236 /* CoreTextV.m */ = {isa = PBXFileReference; fileEncoding = 4; lastKnownFileType = sourcecode.c.objc; path = CoreTextV.m; sourceTree = "<group>"; };
/* End PBXFileReference section */

/* Begin PBXFrameworksBuildPhase section */
		9B3656F61CCA3C3800F68236 /* Frameworks */ = {
			isa = PBXFrameworksBuildPhase;
			buildActionMask = 2147483647;
			files = (
			);
			runOnlyForDeploymentPostprocessing = 0;
		};
		9B36570F1CCA3C3900F68236 /* Frameworks */ = {
			isa = PBXFrameworksBuildPhase;
			buildActionMask = 2147483647;
			files = (
			);
			runOnlyForDeploymentPostprocessing = 0;
		};
		9B36571A1CCA3C3900F68236 /* Frameworks */ = {
			isa = PBXFrameworksBuildPhase;
			buildActionMask = 2147483647;
			files = (
			);
			runOnlyForDeploymentPostprocessing = 0;
		};
/* End PBXFrameworksBuildPhase section */

/* Begin PBXGroup section */
		9B3656F01CCA3C3800F68236 = {
			isa = PBXGroup;
			children = (
				9B3656FB1CCA3C3800F68236 /* CoreTextDemo */,
				9B3657151CCA3C3900F68236 /* CoreTextDemoTests */,
				9B3657201CCA3C3900F68236 /* CoreTextDemoUITests */,
				9B3656FA1CCA3C3800F68236 /* Products */,
			);
			sourceTree = "<group>";
		};
		9B3656FA1CCA3C3800F68236 /* Products */ = {
			isa = PBXGroup;
			children = (
				9B3656F91CCA3C3800F68236 /* CoreTextDemo.app */,
				9B3657121CCA3C3900F68236 /* CoreTextDemoTests.xctest */,
				9B36571D1CCA3C3900F68236 /* CoreTextDemoUITests.xctest */,
			);
			name = Products;
			sourceTree = "<group>";
		};
		9B3656FB1CCA3C3800F68236 /* CoreTextDemo */ = {
			isa = PBXGroup;
			children = (
				9B3656FF1CCA3C3800F68236 /* AppDelegate.h */,
				9B3657001CCA3C3800F68236 /* AppDelegate.m */,
				9B3657021CCA3C3800F68236 /* ViewController.h */,
				9B3657031CCA3C3800F68236 /* ViewController.m */,
				9B36572F1CCA3C5E00F68236 /* CoreTextV.h */,
				9B3657301CCA3C5E00F68236 /* CoreTextV.m */,
				9B2CFE801E0CFCEC00D24B49 /* UIImage+DWImageUtils.h */,
				9B2CFE811E0CFCEC00D24B49 /* UIImage+DWImageUtils.m */,
				9B2CFE831E0CFDD300D24B49 /* 1.jpg */,
				9B3657051CCA3C3800F68236 /* Main.storyboard */,
				9B3657081CCA3C3800F68236 /* Assets.xcassets */,
				9B36570A1CCA3C3800F68236 /* LaunchScreen.storyboard */,
				9B36570D1CCA3C3900F68236 /* Info.plist */,
				9B3656FC1CCA3C3800F68236 /* Supporting Files */,
			);
			path = CoreTextDemo;
			sourceTree = "<group>";
		};
		9B3656FC1CCA3C3800F68236 /* Supporting Files */ = {
			isa = PBXGroup;
			children = (
				9B3656FD1CCA3C3800F68236 /* main.m */,
			);
			name = "Supporting Files";
			sourceTree = "<group>";
		};
		9B3657151CCA3C3900F68236 /* CoreTextDemoTests */ = {
			isa = PBXGroup;
			children = (
				9B3657161CCA3C3900F68236 /* CoreTextDemoTests.m */,
				9B3657181CCA3C3900F68236 /* Info.plist */,
			);
			path = CoreTextDemoTests;
			sourceTree = "<group>";
		};
		9B3657201CCA3C3900F68236 /* CoreTextDemoUITests */ = {
			isa = PBXGroup;
			children = (
				9B3657211CCA3C3900F68236 /* CoreTextDemoUITests.m */,
				9B3657231CCA3C3900F68236 /* Info.plist */,
			);
			path = CoreTextDemoUITests;
			sourceTree = "<group>";
		};
/* End PBXGroup section */

/* Begin PBXNativeTarget section */
		9B3656F81CCA3C3800F68236 /* CoreTextDemo */ = {
			isa = PBXNativeTarget;
			buildConfigurationList = 9B3657261CCA3C3900F68236 /* Build configuration list for PBXNativeTarget "CoreTextDemo" */;
			buildPhases = (
				9B3656F51CCA3C3800F68236 /* Sources */,
				9B3656F61CCA3C3800F68236 /* Frameworks */,
				9B3656F71CCA3C3800F68236 /* Resources */,
			);
			buildRules = (
			);
			dependencies = (
			);
			name = CoreTextDemo;
			productName = CoreTextDemo;
			productReference = 9B3656F91CCA3C3800F68236 /* CoreTextDemo.app */;
			productType = "com.apple.product-type.application";
		};
		9B3657111CCA3C3900F68236 /* CoreTextDemoTests */ = {
			isa = PBXNativeTarget;
			buildConfigurationList = 9B3657291CCA3C3900F68236 /* Build configuration list for PBXNativeTarget "CoreTextDemoTests" */;
			buildPhases = (
				9B36570E1CCA3C3900F68236 /* Sources */,
				9B36570F1CCA3C3900F68236 /* Frameworks */,
				9B3657101CCA3C3900F68236 /* Resources */,
			);
			buildRules = (
			);
			dependencies = (
				9B3657141CCA3C3900F68236 /* PBXTargetDependency */,
			);
			name = CoreTextDemoTests;
			productName = CoreTextDemoTests;
			productReference = 9B3657121CCA3C3900F68236 /* CoreTextDemoTests.xctest */;
			productType = "com.apple.product-type.bundle.unit-test";
		};
		9B36571C1CCA3C3900F68236 /* CoreTextDemoUITests */ = {
			isa = PBXNativeTarget;
			buildConfigurationList = 9B36572C1CCA3C3900F68236 /* Build configuration list for PBXNativeTarget "CoreTextDemoUITests" */;
			buildPhases = (
				9B3657191CCA3C3900F68236 /* Sources */,
				9B36571A1CCA3C3900F68236 /* Frameworks */,
				9B36571B1CCA3C3900F68236 /* Resources */,
			);
			buildRules = (
			);
			dependencies = (
				9B36571F1CCA3C3900F68236 /* PBXTargetDependency */,
			);
			name = CoreTextDemoUITests;
			productName = CoreTextDemoUITests;
			productReference = 9B36571D1CCA3C3900F68236 /* CoreTextDemoUITests.xctest */;
			productType = "com.apple.product-type.bundle.ui-testing";
		};
/* End PBXNativeTarget section */

/* Begin PBXProject section */
		9B3656F11CCA3C3800F68236 /* Project object */ = {
			isa = PBXProject;
			attributes = {
				LastUpgradeCheck = 0730;
				ORGANIZATIONNAME = Wicky;
				TargetAttributes = {
					9B3656F81CCA3C3800F68236 = {
						CreatedOnToolsVersion = 7.3;
					};
					9B3657111CCA3C3900F68236 = {
						CreatedOnToolsVersion = 7.3;
						TestTargetID = 9B3656F81CCA3C3800F68236;
					};
					9B36571C1CCA3C3900F68236 = {
						CreatedOnToolsVersion = 7.3;
						TestTargetID = 9B3656F81CCA3C3800F68236;
					};
				};
			};
			buildConfigurationList = 9B3656F41CCA3C3800F68236 /* Build configuration list for PBXProject "CoreTextDemo" */;
			compatibilityVersion = "Xcode 3.2";
			developmentRegion = English;
			hasScannedForEncodings = 0;
			knownRegions = (
				en,
				Base,
			);
			mainGroup = 9B3656F01CCA3C3800F68236;
			productRefGroup = 9B3656FA1CCA3C3800F68236 /* Products */;
			projectDirPath = "";
			projectRoot = "";
			targets = (
				9B3656F81CCA3C3800F68236 /* CoreTextDemo */,
				9B3657111CCA3C3900F68236 /* CoreTextDemoTests */,
				9B36571C1CCA3C3900F68236 /* CoreTextDemoUITests */,
			);
		};
/* End PBXProject section */

/* Begin PBXResourcesBuildPhase section */
		9B3656F71CCA3C3800F68236 /* Resources */ = {
			isa = PBXResourcesBuildPhase;
			buildActionMask = 2147483647;
			files = (
				9B36570C1CCA3C3800F68236 /* LaunchScreen.storyboard in Resources */,
				9B3657091CCA3C3800F68236 /* Assets.xcassets in Resources */,
				9B3657071CCA3C3800F68236 /* Main.storyboard in Resources */,
				9B2CFE841E0CFDD300D24B49 /* 1.jpg in Resources */,
			);
			runOnlyForDeploymentPostprocessing = 0;
		};
		9B3657101CCA3C3900F68236 /* Resources */ = {
			isa = PBXResourcesBuildPhase;
			buildActionMask = 2147483647;
			files = (
			);
			runOnlyForDeploymentPostprocessing = 0;
		};
		9B36571B1CCA3C3900F68236 /* Resources */ = {
			isa = PBXResourcesBuildPhase;
			buildActionMask = 2147483647;
			files = (
			);
			runOnlyForDeploymentPostprocessing = 0;
		};
/* End PBXResourcesBuildPhase section */

/* Begin PBXSourcesBuildPhase section */
		9B3656F51CCA3C3800F68236 /* Sources */ = {
			isa = PBXSourcesBuildPhase;
			buildActionMask = 2147483647;
			files = (
				9B2CFE821E0CFCEC00D24B49 /* UIImage+DWImageUtils.m in Sources */,
				9B3657041CCA3C3800F68236 /* ViewController.m in Sources */,
				9B3657011CCA3C3800F68236 /* AppDelegate.m in Sources */,
				9B3657311CCA3C5E00F68236 /* CoreTextV.m in Sources */,
				9B3656FE1CCA3C3800F68236 /* main.m in Sources */,
			);
			runOnlyForDeploymentPostprocessing = 0;
		};
		9B36570E1CCA3C3900F68236 /* Sources */ = {
			isa = PBXSourcesBuildPhase;
			buildActionMask = 2147483647;
			files = (
				9B3657171CCA3C3900F68236 /* CoreTextDemoTests.m in Sources */,
			);
			runOnlyForDeploymentPostprocessing = 0;
		};
		9B3657191CCA3C3900F68236 /* Sources */ = {
			isa = PBXSourcesBuildPhase;
			buildActionMask = 2147483647;
			files = (
				9B3657221CCA3C3900F68236 /* CoreTextDemoUITests.m in Sources */,
			);
			runOnlyForDeploymentPostprocessing = 0;
		};
/* End PBXSourcesBuildPhase section */

/* Begin PBXTargetDependency section */
		9B3657141CCA3C3900F68236 /* PBXTargetDependency */ = {
			isa = PBXTargetDependency;
			target = 9B3656F81CCA3C3800F68236 /* CoreTextDemo */;
			targetProxy = 9B3657131CCA3C3900F68236 /* PBXContainerItemProxy */;
		};
		9B36571F1CCA3C3900F68236 /* PBXTargetDependency */ = {
			isa = PBXTargetDependency;
			target = 9B3656F81CCA3C3800F68236 /* CoreTextDemo */;
			targetProxy = 9B36571E1CCA3C3900F68236 /* PBXContainerItemProxy */;
		};
/* End PBXTargetDependency section */

/* Begin PBXVariantGroup section */
		9B3657051CCA3C3800F68236 /* Main.storyboard */ = {
			isa = PBXVariantGroup;
			children = (
				9B3657061CCA3C3800F68236 /* Base */,
			);
			name = Main.storyboard;
			sourceTree = "<group>";
		};
		9B36570A1CCA3C3800F68236 /* LaunchScreen.storyboard */ = {
			isa = PBXVariantGroup;
			children = (
				9B36570B1CCA3C3800F68236 /* Base */,
			);
			name = LaunchScreen.storyboard;
			sourceTree = "<group>";
		};
/* End PBXVariantGroup section */

/* Begin XCBuildConfiguration section */
		9B3657241CCA3C3900F68236 /* Debug */ = {
			isa = XCBuildConfiguration;
			buildSettings = {
				ALWAYS_SEARCH_USER_PATHS = NO;
				CLANG_ANALYZER_NONNULL = YES;
				CLANG_CXX_LANGUAGE_STANDARD = "gnu++0x";
				CLANG_CXX_LIBRARY = "libc++";
				CLANG_ENABLE_MODULES = YES;
				CLANG_ENABLE_OBJC_ARC = YES;
				CLANG_WARN_BOOL_CONVERSION = YES;
				CLANG_WARN_CONSTANT_CONVERSION = YES;
				CLANG_WARN_DIRECT_OBJC_ISA_USAGE = YES_ERROR;
				CLANG_WARN_EMPTY_BODY = YES;
				CLANG_WARN_ENUM_CONVERSION = YES;
				CLANG_WARN_INT_CONVERSION = YES;
				CLANG_WARN_OBJC_ROOT_CLASS = YES_ERROR;
				CLANG_WARN_UNREACHABLE_CODE = YES;
				CLANG_WARN__DUPLICATE_METHOD_MATCH = YES;
				"CODE_SIGN_IDENTITY[sdk=iphoneos*]" = "iPhone Developer";
				COPY_PHASE_STRIP = NO;
				DEBUG_INFORMATION_FORMAT = dwarf;
				ENABLE_STRICT_OBJC_MSGSEND = YES;
				ENABLE_TESTABILITY = YES;
				GCC_C_LANGUAGE_STANDARD = gnu99;
				GCC_DYNAMIC_NO_PIC = NO;
				GCC_NO_COMMON_BLOCKS = YES;
				GCC_OPTIMIZATION_LEVEL = 0;
				GCC_PREPROCESSOR_DEFINITIONS = (
					"DEBUG=1",
					"$(inherited)",
				);
				GCC_WARN_64_TO_32_BIT_CONVERSION = YES;
				GCC_WARN_ABOUT_RETURN_TYPE = YES_ERROR;
				GCC_WARN_UNDECLARED_SELECTOR = YES;
				GCC_WARN_UNINITIALIZED_AUTOS = YES_AGGRESSIVE;
				GCC_WARN_UNUSED_FUNCTION = YES;
				GCC_WARN_UNUSED_VARIABLE = YES;
				IPHONEOS_DEPLOYMENT_TARGET = 9.3;
				MTL_ENABLE_DEBUG_INFO = YES;
				ONLY_ACTIVE_ARCH = YES;
				SDKROOT = iphoneos;
				TARGETED_DEVICE_FAMILY = "1,2";
			};
			name = Debug;
		};
		9B3657251CCA3C3900F68236 /* Release */ = {
			isa = XCBuildConfiguration;
			buildSettings = {
				ALWAYS_SEARCH_USER_PATHS = NO;
				CLANG_ANALYZER_NONNULL = YES;
				CLANG_CXX_LANGUAGE_STANDARD = "gnu++0x";
				CLANG_CXX_LIBRARY = "libc++";
				CLANG_ENABLE_MODULES = YES;
				CLANG_ENABLE_OBJC_ARC = YES;
				CLANG_WARN_BOOL_CONVERSION = YES;
				CLANG_WARN_CONSTANT_CONVERSION = YES;
				CLANG_WARN_DIRECT_OBJC_ISA_USAGE = YES_ERROR;
				CLANG_WARN_EMPTY_BODY = YES;
				CLANG_WARN_ENUM_CONVERSION = YES;
				CLANG_WARN_INT_CONVERSION = YES;
				CLANG_WARN_OBJC_ROOT_CLASS = YES_ERROR;
				CLANG_WARN_UNREACHABLE_CODE = YES;
				CLANG_WARN__DUPLICATE_METHOD_MATCH = YES;
				"CODE_SIGN_IDENTITY[sdk=iphoneos*]" = "iPhone Developer";
				COPY_PHASE_STRIP = NO;
				DEBUG_INFORMATION_FORMAT = "dwarf-with-dsym";
				ENABLE_NS_ASSERTIONS = NO;
				ENABLE_STRICT_OBJC_MSGSEND = YES;
				GCC_C_LANGUAGE_STANDARD = gnu99;
				GCC_NO_COMMON_BLOCKS = YES;
				GCC_WARN_64_TO_32_BIT_CONVERSION = YES;
				GCC_WARN_ABOUT_RETURN_TYPE = YES_ERROR;
				GCC_WARN_UNDECLARED_SELECTOR = YES;
				GCC_WARN_UNINITIALIZED_AUTOS = YES_AGGRESSIVE;
				GCC_WARN_UNUSED_FUNCTION = YES;
				GCC_WARN_UNUSED_VARIABLE = YES;
				IPHONEOS_DEPLOYMENT_TARGET = 9.3;
				MTL_ENABLE_DEBUG_INFO = NO;
				SDKROOT = iphoneos;
				TARGETED_DEVICE_FAMILY = "1,2";
				VALIDATE_PRODUCT = YES;
			};
			name = Release;
		};
		9B3657271CCA3C3900F68236 /* Debug */ = {
			isa = XCBuildConfiguration;
			buildSettings = {
				ASSETCATALOG_COMPILER_APPICON_NAME = AppIcon;
				INFOPLIST_FILE = CoreTextDemo/Info.plist;
				LD_RUNPATH_SEARCH_PATHS = "$(inherited) @executable_path/Frameworks";
				PRODUCT_BUNDLE_IDENTIFIER = Wicky.CoreTextDemo;
				PRODUCT_NAME = "$(TARGET_NAME)";
			};
			name = Debug;
		};
		9B3657281CCA3C3900F68236 /* Release */ = {
			isa = XCBuildConfiguration;
			buildSettings = {
				ASSETCATALOG_COMPILER_APPICON_NAME = AppIcon;
				INFOPLIST_FILE = CoreTextDemo/Info.plist;
				LD_RUNPATH_SEARCH_PATHS = "$(inherited) @executable_path/Frameworks";
				PRODUCT_BUNDLE_IDENTIFIER = Wicky.CoreTextDemo;
				PRODUCT_NAME = "$(TARGET_NAME)";
			};
			name = Release;
		};
		9B36572A1CCA3C3900F68236 /* Debug */ = {
			isa = XCBuildConfiguration;
			buildSettings = {
				BUNDLE_LOADER = "$(TEST_HOST)";
				INFOPLIST_FILE = CoreTextDemoTests/Info.plist;
				LD_RUNPATH_SEARCH_PATHS = "$(inherited) @executable_path/Frameworks @loader_path/Frameworks";
				PRODUCT_BUNDLE_IDENTIFIER = Wicky.CoreTextDemoTests;
				PRODUCT_NAME = "$(TARGET_NAME)";
				TEST_HOST = "$(BUILT_PRODUCTS_DIR)/CoreTextDemo.app/CoreTextDemo";
			};
			name = Debug;
		};
		9B36572B1CCA3C3900F68236 /* Release */ = {
			isa = XCBuildConfiguration;
			buildSettings = {
				BUNDLE_LOADER = "$(TEST_HOST)";
				INFOPLIST_FILE = CoreTextDemoTests/Info.plist;
				LD_RUNPATH_SEARCH_PATHS = "$(inherited) @executable_path/Frameworks @loader_path/Frameworks";
				PRODUCT_BUNDLE_IDENTIFIER = Wicky.CoreTextDemoTests;
				PRODUCT_NAME = "$(TARGET_NAME)";
				TEST_HOST = "$(BUILT_PRODUCTS_DIR)/CoreTextDemo.app/CoreTextDemo";
			};
			name = Release;
		};
		9B36572D1CCA3C3900F68236 /* Debug */ = {
			isa = XCBuildConfiguration;
			buildSettings = {
				INFOPLIST_FILE = CoreTextDemoUITests/Info.plist;
				LD_RUNPATH_SEARCH_PATHS = "$(inherited) @executable_path/Frameworks @loader_path/Frameworks";
				PRODUCT_BUNDLE_IDENTIFIER = Wicky.CoreTextDemoUITests;
				PRODUCT_NAME = "$(TARGET_NAME)";
				TEST_TARGET_NAME = CoreTextDemo;
			};
			name = Debug;
		};
		9B36572E1CCA3C3900F68236 /* Release */ = {
			isa = XCBuildConfiguration;
			buildSettings = {
				INFOPLIST_FILE = CoreTextDemoUITests/Info.plist;
				LD_RUNPATH_SEARCH_PATHS = "$(inherited) @executable_path/Frameworks @loader_path/Frameworks";
				PRODUCT_BUNDLE_IDENTIFIER = Wicky.CoreTextDemoUITests;
				PRODUCT_NAME = "$(TARGET_NAME)";
				TEST_TARGET_NAME = CoreTextDemo;
			};
			name = Release;
		};
/* End XCBuildConfiguration section */

/* Begin XCConfigurationList section */
		9B3656F41CCA3C3800F68236 /* Build configuration list for PBXProject "CoreTextDemo" */ = {
			isa = XCConfigurationList;
			buildConfigurations = (
				9B3657241CCA3C3900F68236 /* Debug */,
				9B3657251CCA3C3900F68236 /* Release */,
			);
			defaultConfigurationIsVisible = 0;
			defaultConfigurationName = Release;
		};
		9B3657261CCA3C3900F68236 /* Build configuration list for PBXNativeTarget "CoreTextDemo" */ = {
			isa = XCConfigurationList;
			buildConfigurations = (
				9B3657271CCA3C3900F68236 /* Debug */,
				9B3657281CCA3C3900F68236 /* Release */,
			);
			defaultConfigurationIsVisible = 0;
			defaultConfigurationName = Release;
		};
		9B3657291CCA3C3900F68236 /* Build configuration list for PBXNativeTarget "CoreTextDemoTests" */ = {
			isa = XCConfigurationList;
			buildConfigurations = (
				9B36572A1CCA3C3900F68236 /* Debug */,
				9B36572B1CCA3C3900F68236 /* Release */,
			);
			defaultConfigurationIsVisible = 0;
			defaultConfigurationName = Release;
		};
		9B36572C1CCA3C3900F68236 /* Build configuration list for PBXNativeTarget "CoreTextDemoUITests" */ = {
			isa = XCConfigurationList;
			buildConfigurations = (
				9B36572D1CCA3C3900F68236 /* Debug */,
				9B36572E1CCA3C3900F68236 /* Release */,
			);
			defaultConfigurationIsVisible = 0;
			defaultConfigurationName = Release;
		};
/* End XCConfigurationList section */
	};
	rootObject = 9B3656F11CCA3C3800F68236 /* Project object */;
}
