// !$*UTF8*$!
{
	archiveVersion = 1;
	classes = {
	};
	objectVersion = 50;
	objects = {

/* Begin PBXBuildFile section */
		0778433722E568540042C439 /* AppDelegate.m in Sources */ = {isa = PBXBuildFile; fileRef = 0778433622E568540042C439 /* AppDelegate.m */; };
		0778433A22E568540042C439 /* ViewController.m in Sources */ = {isa = PBXBuildFile; fileRef = 0778433922E568540042C439 /* ViewController.m */; };
		0778433D22E568540042C439 /* Main.storyboard in Resources */ = {isa = PBXBuildFile; fileRef = 0778433B22E568540042C439 /* Main.storyboard */; };
		0778433F22E568560042C439 /* Assets.xcassets in Resources */ = {isa = PBXBuildFile; fileRef = 0778433E22E568560042C439 /* Assets.xcassets */; };
		0778434222E568560042C439 /* LaunchScreen.storyboard in Resources */ = {isa = PBXBuildFile; fileRef = 0778434022E568560042C439 /* LaunchScreen.storyboard */; };
		0778434522E568560042C439 /* main.m in Sources */ = {isa = PBXBuildFile; fileRef = 0778434422E568560042C439 /* main.m */; };
		0778434D22E56A0E0042C439 /* Person.m in Sources */ = {isa = PBXBuildFile; fileRef = 0778434C22E56A0E0042C439 /* Person.m */; };
/* End PBXBuildFile section */

/* Begin PBXFileReference section */
		0778433222E568540042C439 /* 21.autorelease释放时机.app */ = {isa = PBXFileReference; explicitFileType = wrapper.application; includeInIndex = 0; path = "21.autorelease释放时机.app"; sourceTree = BUILT_PRODUCTS_DIR; };
		0778433522E568540042C439 /* AppDelegate.h */ = {isa = PBXFileReference; lastKnownFileType = sourcecode.c.h; path = AppDelegate.h; sourceTree = "<group>"; };
		0778433622E568540042C439 /* AppDelegate.m */ = {isa = PBXFileReference; lastKnownFileType = sourcecode.c.objc; path = AppDelegate.m; sourceTree = "<group>"; };
		0778433822E568540042C439 /* ViewController.h */ = {isa = PBXFileReference; lastKnownFileType = sourcecode.c.h; path = ViewController.h; sourceTree = "<group>"; };
		0778433922E568540042C439 /* ViewController.m */ = {isa = PBXFileReference; lastKnownFileType = sourcecode.c.objc; path = ViewController.m; sourceTree = "<group>"; };
		0778433C22E568540042C439 /* Base */ = {isa = PBXFileReference; lastKnownFileType = file.storyboard; name = Base; path = Base.lproj/Main.storyboard; sourceTree = "<group>"; };
		0778433E22E568560042C439 /* Assets.xcassets */ = {isa = PBXFileReference; lastKnownFileType = folder.assetcatalog; path = Assets.xcassets; sourceTree = "<group>"; };
		0778434122E568560042C439 /* Base */ = {isa = PBXFileReference; lastKnownFileType = file.storyboard; name = Base; path = Base.lproj/LaunchScreen.storyboard; sourceTree = "<group>"; };
		0778434322E568560042C439 /* Info.plist */ = {isa = PBXFileReference; lastKnownFileType = text.plist.xml; path = Info.plist; sourceTree = "<group>"; };
		0778434422E568560042C439 /* main.m */ = {isa = PBXFileReference; lastKnownFileType = sourcecode.c.objc; path = main.m; sourceTree = "<group>"; };
		0778434B22E56A0E0042C439 /* Person.h */ = {isa = PBXFileReference; lastKnownFileType = sourcecode.c.h; path = Person.h; sourceTree = "<group>"; };
		0778434C22E56A0E0042C439 /* Person.m */ = {isa = PBXFileReference; lastKnownFileType = sourcecode.c.objc; path = Person.m; sourceTree = "<group>"; };
/* End PBXFileReference section */

/* Begin PBXFrameworksBuildPhase section */
		0778432F22E568540042C439 /* Frameworks */ = {
			isa = PBXFrameworksBuildPhase;
			buildActionMask = 2147483647;
			files = (
			);
			runOnlyForDeploymentPostprocessing = 0;
		};
/* End PBXFrameworksBuildPhase section */

/* Begin PBXGroup section */
		0778432922E568540042C439 = {
			isa = PBXGroup;
			children = (
				0778433422E568540042C439 /* 21.autorelease释放时机 */,
				0778433322E568540042C439 /* Products */,
			);
			sourceTree = "<group>";
		};
		0778433322E568540042C439 /* Products */ = {
			isa = PBXGroup;
			children = (
				0778433222E568540042C439 /* 21.autorelease释放时机.app */,
			);
			name = Products;
			sourceTree = "<group>";
		};
		0778433422E568540042C439 /* 21.autorelease释放时机 */ = {
			isa = PBXGroup;
			children = (
				0778433522E568540042C439 /* AppDelegate.h */,
				0778433622E568540042C439 /* AppDelegate.m */,
				0778433822E568540042C439 /* ViewController.h */,
				0778433922E568540042C439 /* ViewController.m */,
				0778434B22E56A0E0042C439 /* Person.h */,
				0778434C22E56A0E0042C439 /* Person.m */,
				0778433B22E568540042C439 /* Main.storyboard */,
				0778433E22E568560042C439 /* Assets.xcassets */,
				0778434022E568560042C439 /* LaunchScreen.storyboard */,
				0778434322E568560042C439 /* Info.plist */,
				0778434422E568560042C439 /* main.m */,
			);
			path = "21.autorelease释放时机";
			sourceTree = "<group>";
		};
/* End PBXGroup section */

/* Begin PBXNativeTarget section */
		0778433122E568540042C439 /* 21.autorelease释放时机 */ = {
			isa = PBXNativeTarget;
			buildConfigurationList = 0778434822E568560042C439 /* Build configuration list for PBXNativeTarget "21.autorelease释放时机" */;
			buildPhases = (
				0778432E22E568540042C439 /* Sources */,
				0778432F22E568540042C439 /* Frameworks */,
				0778433022E568540042C439 /* Resources */,
			);
			buildRules = (
			);
			dependencies = (
			);
			name = "21.autorelease释放时机";
			productName = "21.autorelease释放时机";
			productReference = 0778433222E568540042C439 /* 21.autorelease释放时机.app */;
			productType = "com.apple.product-type.application";
		};
/* End PBXNativeTarget section */

/* Begin PBXProject section */
		0778432A22E568540042C439 /* Project object */ = {
			isa = PBXProject;
			attributes = {
				LastUpgradeCheck = 1020;
				ORGANIZATIONNAME = fengsl;
				TargetAttributes = {
					0778433122E568540042C439 = {
						CreatedOnToolsVersion = 10.2;
					};
				};
			};
			buildConfigurationList = 0778432D22E568540042C439 /* Build configuration list for PBXProject "21.autorelease释放时机" */;
			compatibilityVersion = "Xcode 9.3";
			developmentRegion = en;
			hasScannedForEncodings = 0;
			knownRegions = (
				en,
				Base,
			);
			mainGroup = 0778432922E568540042C439;
			productRefGroup = 0778433322E568540042C439 /* Products */;
			projectDirPath = "";
			projectRoot = "";
			targets = (
				0778433122E568540042C439 /* 21.autorelease释放时机 */,
			);
		};
/* End PBXProject section */

/* Begin PBXResourcesBuildPhase section */
		0778433022E568540042C439 /* Resources */ = {
			isa = PBXResourcesBuildPhase;
			buildActionMask = 2147483647;
			files = (
				0778434222E568560042C439 /* LaunchScreen.storyboard in Resources */,
				0778433F22E568560042C439 /* Assets.xcassets in Resources */,
				0778433D22E568540042C439 /* Main.storyboard in Resources */,
			);
			runOnlyForDeploymentPostprocessing = 0;
		};
/* End PBXResourcesBuildPhase section */

/* Begin PBXSourcesBuildPhase section */
		0778432E22E568540042C439 /* Sources */ = {
			isa = PBXSourcesBuildPhase;
			buildActionMask = 2147483647;
			files = (
				0778433A22E568540042C439 /* ViewController.m in Sources */,
				0778434522E568560042C439 /* main.m in Sources */,
				0778434D22E56A0E0042C439 /* Person.m in Sources */,
				0778433722E568540042C439 /* AppDelegate.m in Sources */,
			);
			runOnlyForDeploymentPostprocessing = 0;
		};
/* End PBXSourcesBuildPhase section */

/* Begin PBXVariantGroup section */
		0778433B22E568540042C439 /* Main.storyboard */ = {
			isa = PBXVariantGroup;
			children = (
				0778433C22E568540042C439 /* Base */,
			);
			name = Main.storyboard;
			sourceTree = "<group>";
		};
		0778434022E568560042C439 /* LaunchScreen.storyboard */ = {
			isa = PBXVariantGroup;
			children = (
				0778434122E568560042C439 /* Base */,
			);
			name = LaunchScreen.storyboard;
			sourceTree = "<group>";
		};
/* End PBXVariantGroup section */

/* Begin XCBuildConfiguration section */
		0778434622E568560042C439 /* Debug */ = {
			isa = XCBuildConfiguration;
			buildSettings = {
				ALWAYS_SEARCH_USER_PATHS = NO;
				CLANG_ANALYZER_NONNULL = YES;
				CLANG_ANALYZER_NUMBER_OBJECT_CONVERSION = YES_AGGRESSIVE;
				CLANG_CXX_LANGUAGE_STANDARD = "gnu++14";
				CLANG_CXX_LIBRARY = "libc++";
				CLANG_ENABLE_MODULES = YES;
				CLANG_ENABLE_OBJC_ARC = YES;
				CLANG_ENABLE_OBJC_WEAK = YES;
				CLANG_WARN_BLOCK_CAPTURE_AUTORELEASING = YES;
				CLANG_WARN_BOOL_CONVERSION = YES;
				CLANG_WARN_COMMA = YES;
				CLANG_WARN_CONSTANT_CONVERSION = YES;
				CLANG_WARN_DEPRECATED_OBJC_IMPLEMENTATIONS = YES;
				CLANG_WARN_DIRECT_OBJC_ISA_USAGE = YES_ERROR;
				CLANG_WARN_DOCUMENTATION_COMMENTS = YES;
				CLANG_WARN_EMPTY_BODY = YES;
				CLANG_WARN_ENUM_CONVERSION = YES;
				CLANG_WARN_INFINITE_RECURSION = YES;
				CLANG_WARN_INT_CONVERSION = YES;
				CLANG_WARN_NON_LITERAL_NULL_CONVERSION = YES;
				CLANG_WARN_OBJC_IMPLICIT_RETAIN_SELF = YES;
				CLANG_WARN_OBJC_LITERAL_CONVERSION = YES;
				CLANG_WARN_OBJC_ROOT_CLASS = YES_ERROR;
				CLANG_WARN_RANGE_LOOP_ANALYSIS = YES;
				CLANG_WARN_STRICT_PROTOTYPES = YES;
				CLANG_WARN_SUSPICIOUS_MOVE = YES;
				CLANG_WARN_UNGUARDED_AVAILABILITY = YES_AGGRESSIVE;
				CLANG_WARN_UNREACHABLE_CODE = YES;
				CLANG_WARN__DUPLICATE_METHOD_MATCH = YES;
				CODE_SIGN_IDENTITY = "iPhone Developer";
				COPY_PHASE_STRIP = NO;
				DEBUG_INFORMATION_FORMAT = dwarf;
				ENABLE_STRICT_OBJC_MSGSEND = YES;
				ENABLE_TESTABILITY = YES;
				GCC_C_LANGUAGE_STANDARD = gnu11;
				GCC_DYNAMIC_NO_PIC = NO;
				GCC_NO_COMMON_BLOCKS = YES;
				GCC_OPTIMIZATION_LEVEL = 0;
				GCC_PREPROCESSOR_DEFINITIONS = (
					"DEBUG=1",
					"$(inherited)",
				);
				GCC_WARN_64_TO_32_BIT_CONVERSION = YES;
				GCC_WARN_ABOUT_RETURN_TYPE = YES_ERROR;
				GCC_WARN_UNDECLARED_SELECTOR = YES;
				GCC_WARN_UNINITIALIZED_AUTOS = YES_AGGRESSIVE;
				GCC_WARN_UNUSED_FUNCTION = YES;
				GCC_WARN_UNUSED_VARIABLE = YES;
				IPHONEOS_DEPLOYMENT_TARGET = 12.2;
				MTL_ENABLE_DEBUG_INFO = INCLUDE_SOURCE;
				MTL_FAST_MATH = YES;
				ONLY_ACTIVE_ARCH = YES;
				SDKROOT = iphoneos;
			};
			name = Debug;
		};
		0778434722E568560042C439 /* Release */ = {
			isa = XCBuildConfiguration;
			buildSettings = {
				ALWAYS_SEARCH_USER_PATHS = NO;
				CLANG_ANALYZER_NONNULL = YES;
				CLANG_ANALYZER_NUMBER_OBJECT_CONVERSION = YES_AGGRESSIVE;
				CLANG_CXX_LANGUAGE_STANDARD = "gnu++14";
				CLANG_CXX_LIBRARY = "libc++";
				CLANG_ENABLE_MODULES = YES;
				CLANG_ENABLE_OBJC_ARC = YES;
				CLANG_ENABLE_OBJC_WEAK = YES;
				CLANG_WARN_BLOCK_CAPTURE_AUTORELEASING = YES;
				CLANG_WARN_BOOL_CONVERSION = YES;
				CLANG_WARN_COMMA = YES;
				CLANG_WARN_CONSTANT_CONVERSION = YES;
				CLANG_WARN_DEPRECATED_OBJC_IMPLEMENTATIONS = YES;
				CLANG_WARN_DIRECT_OBJC_ISA_USAGE = YES_ERROR;
				CLANG_WARN_DOCUMENTATION_COMMENTS = YES;
				CLANG_WARN_EMPTY_BODY = YES;
				CLANG_WARN_ENUM_CONVERSION = YES;
				CLANG_WARN_INFINITE_RECURSION = YES;
				CLANG_WARN_INT_CONVERSION = YES;
				CLANG_WARN_NON_LITERAL_NULL_CONVERSION = YES;
				CLANG_WARN_OBJC_IMPLICIT_RETAIN_SELF = YES;
				CLANG_WARN_OBJC_LITERAL_CONVERSION = YES;
				CLANG_WARN_OBJC_ROOT_CLASS = YES_ERROR;
				CLANG_WARN_RANGE_LOOP_ANALYSIS = YES;
				CLANG_WARN_STRICT_PROTOTYPES = YES;
				CLANG_WARN_SUSPICIOUS_MOVE = YES;
				CLANG_WARN_UNGUARDED_AVAILABILITY = YES_AGGRESSIVE;
				CLANG_WARN_UNREACHABLE_CODE = YES;
				CLANG_WARN__DUPLICATE_METHOD_MATCH = YES;
				CODE_SIGN_IDENTITY = "iPhone Developer";
				COPY_PHASE_STRIP = NO;
				DEBUG_INFORMATION_FORMAT = "dwarf-with-dsym";
				ENABLE_NS_ASSERTIONS = NO;
				ENABLE_STRICT_OBJC_MSGSEND = YES;
				GCC_C_LANGUAGE_STANDARD = gnu11;
				GCC_NO_COMMON_BLOCKS = YES;
				GCC_WARN_64_TO_32_BIT_CONVERSION = YES;
				GCC_WARN_ABOUT_RETURN_TYPE = YES_ERROR;
				GCC_WARN_UNDECLARED_SELECTOR = YES;
				GCC_WARN_UNINITIALIZED_AUTOS = YES_AGGRESSIVE;
				GCC_WARN_UNUSED_FUNCTION = YES;
				GCC_WARN_UNUSED_VARIABLE = YES;
				IPHONEOS_DEPLOYMENT_TARGET = 12.2;
				MTL_ENABLE_DEBUG_INFO = NO;
				MTL_FAST_MATH = YES;
				SDKROOT = iphoneos;
				VALIDATE_PRODUCT = YES;
			};
			name = Release;
		};
		0778434922E568560042C439 /* Debug */ = {
			isa = XCBuildConfiguration;
			buildSettings = {
				ASSETCATALOG_COMPILER_APPICON_NAME = AppIcon;
				CODE_SIGN_STYLE = Automatic;
				INFOPLIST_FILE = "21.autorelease释放时机/Info.plist";
				LD_RUNPATH_SEARCH_PATHS = (
					"$(inherited)",
					"@executable_path/Frameworks",
				);
				PRODUCT_BUNDLE_IDENTIFIER = "books.story.forest.-1-autorelease----";
				PRODUCT_NAME = "$(TARGET_NAME)";
				TARGETED_DEVICE_FAMILY = "1,2";
			};
			name = Debug;
		};
		0778434A22E568560042C439 /* Release */ = {
			isa = XCBuildConfiguration;
			buildSettings = {
				ASSETCATALOG_COMPILER_APPICON_NAME = AppIcon;
				CODE_SIGN_STYLE = Automatic;
				INFOPLIST_FILE = "21.autorelease释放时机/Info.plist";
				LD_RUNPATH_SEARCH_PATHS = (
					"$(inherited)",
					"@executable_path/Frameworks",
				);
				PRODUCT_BUNDLE_IDENTIFIER = "books.story.forest.-1-autorelease----";
				PRODUCT_NAME = "$(TARGET_NAME)";
				TARGETED_DEVICE_FAMILY = "1,2";
			};
			name = Release;
		};
/* End XCBuildConfiguration section */

/* Begin XCConfigurationList section */
		0778432D22E568540042C439 /* Build configuration list for PBXProject "21.autorelease释放时机" */ = {
			isa = XCConfigurationList;
			buildConfigurations = (
				0778434622E568560042C439 /* Debug */,
				0778434722E568560042C439 /* Release */,
			);
			defaultConfigurationIsVisible = 0;
			defaultConfigurationName = Release;
		};
		0778434822E568560042C439 /* Build configuration list for PBXNativeTarget "21.autorelease释放时机" */ = {
			isa = XCConfigurationList;
			buildConfigurations = (
				0778434922E568560042C439 /* Debug */,
				0778434A22E568560042C439 /* Release */,
			);
			defaultConfigurationIsVisible = 0;
			defaultConfigurationName = Release;
		};
/* End XCConfigurationList section */
	};
	rootObject = 0778432A22E568540042C439 /* Project object */;
}
