// !$*UTF8*$!
{
	archiveVersion = 1;
	classes = {
	};
	objectVersion = 50;
	objects = {

/* Begin PBXBuildFile section */
		073BCAC822DC1D59009E7240 /* AppDelegate.m in Sources */ = {isa = PBXBuildFile; fileRef = 073BCAC722DC1D59009E7240 /* AppDelegate.m */; };
		073BCACB22DC1D59009E7240 /* ViewController.m in Sources */ = {isa = PBXBuildFile; fileRef = 073BCACA22DC1D59009E7240 /* ViewController.m */; };
		073BCACE22DC1D59009E7240 /* Main.storyboard in Resources */ = {isa = PBXBuildFile; fileRef = 073BCACC22DC1D59009E7240 /* Main.storyboard */; };
		073BCAD022DC1D5A009E7240 /* Assets.xcassets in Resources */ = {isa = PBXBuildFile; fileRef = 073BCACF22DC1D5A009E7240 /* Assets.xcassets */; };
		073BCAD322DC1D5A009E7240 /* LaunchScreen.storyboard in Resources */ = {isa = PBXBuildFile; fileRef = 073BCAD122DC1D5A009E7240 /* LaunchScreen.storyboard */; };
		073BCAD622DC1D5A009E7240 /* main.m in Sources */ = {isa = PBXBuildFile; fileRef = 073BCAD522DC1D5A009E7240 /* main.m */; };
		073BCADE22DC223C009E7240 /* UIControl+Extension.m in Sources */ = {isa = PBXBuildFile; fileRef = 073BCADD22DC223C009E7240 /* UIControl+Extension.m */; };
		0782198522DC8173004E9389 /* NSMutableArray+Extension.m in Sources */ = {isa = PBXBuildFile; fileRef = 0782198422DC8173004E9389 /* NSMutableArray+Extension.m */; };
		0782198822DC84D2004E9389 /* NSMutableDictionary+Extension.m in Sources */ = {isa = PBXBuildFile; fileRef = 0782198722DC84D2004E9389 /* NSMutableDictionary+Extension.m */; };
/* End PBXBuildFile section */

/* Begin PBXFileReference section */
		073BCAC322DC1D59009E7240 /* 16.Runtime应用层举例.app */ = {isa = PBXFileReference; explicitFileType = wrapper.application; includeInIndex = 0; path = "16.Runtime应用层举例.app"; sourceTree = BUILT_PRODUCTS_DIR; };
		073BCAC622DC1D59009E7240 /* AppDelegate.h */ = {isa = PBXFileReference; lastKnownFileType = sourcecode.c.h; path = AppDelegate.h; sourceTree = "<group>"; };
		073BCAC722DC1D59009E7240 /* AppDelegate.m */ = {isa = PBXFileReference; lastKnownFileType = sourcecode.c.objc; path = AppDelegate.m; sourceTree = "<group>"; };
		073BCAC922DC1D59009E7240 /* ViewController.h */ = {isa = PBXFileReference; lastKnownFileType = sourcecode.c.h; path = ViewController.h; sourceTree = "<group>"; };
		073BCACA22DC1D59009E7240 /* ViewController.m */ = {isa = PBXFileReference; lastKnownFileType = sourcecode.c.objc; path = ViewController.m; sourceTree = "<group>"; };
		073BCACD22DC1D59009E7240 /* Base */ = {isa = PBXFileReference; lastKnownFileType = file.storyboard; name = Base; path = Base.lproj/Main.storyboard; sourceTree = "<group>"; };
		073BCACF22DC1D5A009E7240 /* Assets.xcassets */ = {isa = PBXFileReference; lastKnownFileType = folder.assetcatalog; path = Assets.xcassets; sourceTree = "<group>"; };
		073BCAD222DC1D5A009E7240 /* Base */ = {isa = PBXFileReference; lastKnownFileType = file.storyboard; name = Base; path = Base.lproj/LaunchScreen.storyboard; sourceTree = "<group>"; };
		073BCAD422DC1D5A009E7240 /* Info.plist */ = {isa = PBXFileReference; lastKnownFileType = text.plist.xml; path = Info.plist; sourceTree = "<group>"; };
		073BCAD522DC1D5A009E7240 /* main.m */ = {isa = PBXFileReference; lastKnownFileType = sourcecode.c.objc; path = main.m; sourceTree = "<group>"; };
		073BCADC22DC223C009E7240 /* UIControl+Extension.h */ = {isa = PBXFileReference; lastKnownFileType = sourcecode.c.h; path = "UIControl+Extension.h"; sourceTree = "<group>"; };
		073BCADD22DC223C009E7240 /* UIControl+Extension.m */ = {isa = PBXFileReference; lastKnownFileType = sourcecode.c.objc; path = "UIControl+Extension.m"; sourceTree = "<group>"; };
		0782198322DC8173004E9389 /* NSMutableArray+Extension.h */ = {isa = PBXFileReference; lastKnownFileType = sourcecode.c.h; path = "NSMutableArray+Extension.h"; sourceTree = "<group>"; };
		0782198422DC8173004E9389 /* NSMutableArray+Extension.m */ = {isa = PBXFileReference; lastKnownFileType = sourcecode.c.objc; path = "NSMutableArray+Extension.m"; sourceTree = "<group>"; };
		0782198622DC84D2004E9389 /* NSMutableDictionary+Extension.h */ = {isa = PBXFileReference; lastKnownFileType = sourcecode.c.h; path = "NSMutableDictionary+Extension.h"; sourceTree = "<group>"; };
		0782198722DC84D2004E9389 /* NSMutableDictionary+Extension.m */ = {isa = PBXFileReference; lastKnownFileType = sourcecode.c.objc; path = "NSMutableDictionary+Extension.m"; sourceTree = "<group>"; };
/* End PBXFileReference section */

/* Begin PBXFrameworksBuildPhase section */
		073BCAC022DC1D59009E7240 /* Frameworks */ = {
			isa = PBXFrameworksBuildPhase;
			buildActionMask = 2147483647;
			files = (
			);
			runOnlyForDeploymentPostprocessing = 0;
		};
/* End PBXFrameworksBuildPhase section */

/* Begin PBXGroup section */
		073BCABA22DC1D59009E7240 = {
			isa = PBXGroup;
			children = (
				073BCAC522DC1D59009E7240 /* 16.Runtime应用层举例 */,
				073BCAC422DC1D59009E7240 /* Products */,
			);
			sourceTree = "<group>";
		};
		073BCAC422DC1D59009E7240 /* Products */ = {
			isa = PBXGroup;
			children = (
				073BCAC322DC1D59009E7240 /* 16.Runtime应用层举例.app */,
			);
			name = Products;
			sourceTree = "<group>";
		};
		073BCAC522DC1D59009E7240 /* 16.Runtime应用层举例 */ = {
			isa = PBXGroup;
			children = (
				073BCAC622DC1D59009E7240 /* AppDelegate.h */,
				073BCAC722DC1D59009E7240 /* AppDelegate.m */,
				073BCAC922DC1D59009E7240 /* ViewController.h */,
				073BCACA22DC1D59009E7240 /* ViewController.m */,
				073BCACC22DC1D59009E7240 /* Main.storyboard */,
				073BCACF22DC1D5A009E7240 /* Assets.xcassets */,
				073BCAD122DC1D5A009E7240 /* LaunchScreen.storyboard */,
				073BCAD422DC1D5A009E7240 /* Info.plist */,
				073BCAD522DC1D5A009E7240 /* main.m */,
				073BCADC22DC223C009E7240 /* UIControl+Extension.h */,
				073BCADD22DC223C009E7240 /* UIControl+Extension.m */,
				0782198322DC8173004E9389 /* NSMutableArray+Extension.h */,
				0782198422DC8173004E9389 /* NSMutableArray+Extension.m */,
				0782198622DC84D2004E9389 /* NSMutableDictionary+Extension.h */,
				0782198722DC84D2004E9389 /* NSMutableDictionary+Extension.m */,
			);
			path = "16.Runtime应用层举例";
			sourceTree = "<group>";
		};
/* End PBXGroup section */

/* Begin PBXNativeTarget section */
		073BCAC222DC1D59009E7240 /* 16.Runtime应用层举例 */ = {
			isa = PBXNativeTarget;
			buildConfigurationList = 073BCAD922DC1D5A009E7240 /* Build configuration list for PBXNativeTarget "16.Runtime应用层举例" */;
			buildPhases = (
				073BCABF22DC1D59009E7240 /* Sources */,
				073BCAC022DC1D59009E7240 /* Frameworks */,
				073BCAC122DC1D59009E7240 /* Resources */,
			);
			buildRules = (
			);
			dependencies = (
			);
			name = "16.Runtime应用层举例";
			productName = "16.Runtime应用层举例";
			productReference = 073BCAC322DC1D59009E7240 /* 16.Runtime应用层举例.app */;
			productType = "com.apple.product-type.application";
		};
/* End PBXNativeTarget section */

/* Begin PBXProject section */
		073BCABB22DC1D59009E7240 /* Project object */ = {
			isa = PBXProject;
			attributes = {
				LastUpgradeCheck = 1020;
				ORGANIZATIONNAME = fengsl;
				TargetAttributes = {
					073BCAC222DC1D59009E7240 = {
						CreatedOnToolsVersion = 10.2;
					};
				};
			};
			buildConfigurationList = 073BCABE22DC1D59009E7240 /* Build configuration list for PBXProject "16.Runtime应用层举例" */;
			compatibilityVersion = "Xcode 9.3";
			developmentRegion = en;
			hasScannedForEncodings = 0;
			knownRegions = (
				en,
				Base,
			);
			mainGroup = 073BCABA22DC1D59009E7240;
			productRefGroup = 073BCAC422DC1D59009E7240 /* Products */;
			projectDirPath = "";
			projectRoot = "";
			targets = (
				073BCAC222DC1D59009E7240 /* 16.Runtime应用层举例 */,
			);
		};
/* End PBXProject section */

/* Begin PBXResourcesBuildPhase section */
		073BCAC122DC1D59009E7240 /* Resources */ = {
			isa = PBXResourcesBuildPhase;
			buildActionMask = 2147483647;
			files = (
				073BCAD322DC1D5A009E7240 /* LaunchScreen.storyboard in Resources */,
				073BCAD022DC1D5A009E7240 /* Assets.xcassets in Resources */,
				073BCACE22DC1D59009E7240 /* Main.storyboard in Resources */,
			);
			runOnlyForDeploymentPostprocessing = 0;
		};
/* End PBXResourcesBuildPhase section */

/* Begin PBXSourcesBuildPhase section */
		073BCABF22DC1D59009E7240 /* Sources */ = {
			isa = PBXSourcesBuildPhase;
			buildActionMask = 2147483647;
			files = (
				073BCACB22DC1D59009E7240 /* ViewController.m in Sources */,
				073BCAD622DC1D5A009E7240 /* main.m in Sources */,
				073BCAC822DC1D59009E7240 /* AppDelegate.m in Sources */,
				0782198822DC84D2004E9389 /* NSMutableDictionary+Extension.m in Sources */,
				073BCADE22DC223C009E7240 /* UIControl+Extension.m in Sources */,
				0782198522DC8173004E9389 /* NSMutableArray+Extension.m in Sources */,
			);
			runOnlyForDeploymentPostprocessing = 0;
		};
/* End PBXSourcesBuildPhase section */

/* Begin PBXVariantGroup section */
		073BCACC22DC1D59009E7240 /* Main.storyboard */ = {
			isa = PBXVariantGroup;
			children = (
				073BCACD22DC1D59009E7240 /* Base */,
			);
			name = Main.storyboard;
			sourceTree = "<group>";
		};
		073BCAD122DC1D5A009E7240 /* LaunchScreen.storyboard */ = {
			isa = PBXVariantGroup;
			children = (
				073BCAD222DC1D5A009E7240 /* Base */,
			);
			name = LaunchScreen.storyboard;
			sourceTree = "<group>";
		};
/* End PBXVariantGroup section */

/* Begin XCBuildConfiguration section */
		073BCAD722DC1D5A009E7240 /* Debug */ = {
			isa = XCBuildConfiguration;
			buildSettings = {
				ALWAYS_SEARCH_USER_PATHS = NO;
				CLANG_ANALYZER_NONNULL = YES;
				CLANG_ANALYZER_NUMBER_OBJECT_CONVERSION = YES_AGGRESSIVE;
				CLANG_CXX_LANGUAGE_STANDARD = "gnu++14";
				CLANG_CXX_LIBRARY = "libc++";
				CLANG_ENABLE_MODULES = YES;
				CLANG_ENABLE_OBJC_ARC = YES;
				CLANG_ENABLE_OBJC_WEAK = YES;
				CLANG_WARN_BLOCK_CAPTURE_AUTORELEASING = YES;
				CLANG_WARN_BOOL_CONVERSION = YES;
				CLANG_WARN_COMMA = YES;
				CLANG_WARN_CONSTANT_CONVERSION = YES;
				CLANG_WARN_DEPRECATED_OBJC_IMPLEMENTATIONS = YES;
				CLANG_WARN_DIRECT_OBJC_ISA_USAGE = YES_ERROR;
				CLANG_WARN_DOCUMENTATION_COMMENTS = YES;
				CLANG_WARN_EMPTY_BODY = YES;
				CLANG_WARN_ENUM_CONVERSION = YES;
				CLANG_WARN_INFINITE_RECURSION = YES;
				CLANG_WARN_INT_CONVERSION = YES;
				CLANG_WARN_NON_LITERAL_NULL_CONVERSION = YES;
				CLANG_WARN_OBJC_IMPLICIT_RETAIN_SELF = YES;
				CLANG_WARN_OBJC_LITERAL_CONVERSION = YES;
				CLANG_WARN_OBJC_ROOT_CLASS = YES_ERROR;
				CLANG_WARN_RANGE_LOOP_ANALYSIS = YES;
				CLANG_WARN_STRICT_PROTOTYPES = YES;
				CLANG_WARN_SUSPICIOUS_MOVE = YES;
				CLANG_WARN_UNGUARDED_AVAILABILITY = YES_AGGRESSIVE;
				CLANG_WARN_UNREACHABLE_CODE = YES;
				CLANG_WARN__DUPLICATE_METHOD_MATCH = YES;
				CODE_SIGN_IDENTITY = "iPhone Developer";
				COPY_PHASE_STRIP = NO;
				DEBUG_INFORMATION_FORMAT = dwarf;
				ENABLE_STRICT_OBJC_MSGSEND = YES;
				ENABLE_TESTABILITY = YES;
				GCC_C_LANGUAGE_STANDARD = gnu11;
				GCC_DYNAMIC_NO_PIC = NO;
				GCC_NO_COMMON_BLOCKS = YES;
				GCC_OPTIMIZATION_LEVEL = 0;
				GCC_PREPROCESSOR_DEFINITIONS = (
					"DEBUG=1",
					"$(inherited)",
				);
				GCC_WARN_64_TO_32_BIT_CONVERSION = YES;
				GCC_WARN_ABOUT_RETURN_TYPE = YES_ERROR;
				GCC_WARN_UNDECLARED_SELECTOR = YES;
				GCC_WARN_UNINITIALIZED_AUTOS = YES_AGGRESSIVE;
				GCC_WARN_UNUSED_FUNCTION = YES;
				GCC_WARN_UNUSED_VARIABLE = YES;
				IPHONEOS_DEPLOYMENT_TARGET = 12.2;
				MTL_ENABLE_DEBUG_INFO = INCLUDE_SOURCE;
				MTL_FAST_MATH = YES;
				ONLY_ACTIVE_ARCH = YES;
				SDKROOT = iphoneos;
			};
			name = Debug;
		};
		073BCAD822DC1D5A009E7240 /* Release */ = {
			isa = XCBuildConfiguration;
			buildSettings = {
				ALWAYS_SEARCH_USER_PATHS = NO;
				CLANG_ANALYZER_NONNULL = YES;
				CLANG_ANALYZER_NUMBER_OBJECT_CONVERSION = YES_AGGRESSIVE;
				CLANG_CXX_LANGUAGE_STANDARD = "gnu++14";
				CLANG_CXX_LIBRARY = "libc++";
				CLANG_ENABLE_MODULES = YES;
				CLANG_ENABLE_OBJC_ARC = YES;
				CLANG_ENABLE_OBJC_WEAK = YES;
				CLANG_WARN_BLOCK_CAPTURE_AUTORELEASING = YES;
				CLANG_WARN_BOOL_CONVERSION = YES;
				CLANG_WARN_COMMA = YES;
				CLANG_WARN_CONSTANT_CONVERSION = YES;
				CLANG_WARN_DEPRECATED_OBJC_IMPLEMENTATIONS = YES;
				CLANG_WARN_DIRECT_OBJC_ISA_USAGE = YES_ERROR;
				CLANG_WARN_DOCUMENTATION_COMMENTS = YES;
				CLANG_WARN_EMPTY_BODY = YES;
				CLANG_WARN_ENUM_CONVERSION = YES;
				CLANG_WARN_INFINITE_RECURSION = YES;
				CLANG_WARN_INT_CONVERSION = YES;
				CLANG_WARN_NON_LITERAL_NULL_CONVERSION = YES;
				CLANG_WARN_OBJC_IMPLICIT_RETAIN_SELF = YES;
				CLANG_WARN_OBJC_LITERAL_CONVERSION = YES;
				CLANG_WARN_OBJC_ROOT_CLASS = YES_ERROR;
				CLANG_WARN_RANGE_LOOP_ANALYSIS = YES;
				CLANG_WARN_STRICT_PROTOTYPES = YES;
				CLANG_WARN_SUSPICIOUS_MOVE = YES;
				CLANG_WARN_UNGUARDED_AVAILABILITY = YES_AGGRESSIVE;
				CLANG_WARN_UNREACHABLE_CODE = YES;
				CLANG_WARN__DUPLICATE_METHOD_MATCH = YES;
				CODE_SIGN_IDENTITY = "iPhone Developer";
				COPY_PHASE_STRIP = NO;
				DEBUG_INFORMATION_FORMAT = "dwarf-with-dsym";
				ENABLE_NS_ASSERTIONS = NO;
				ENABLE_STRICT_OBJC_MSGSEND = YES;
				GCC_C_LANGUAGE_STANDARD = gnu11;
				GCC_NO_COMMON_BLOCKS = YES;
				GCC_WARN_64_TO_32_BIT_CONVERSION = YES;
				GCC_WARN_ABOUT_RETURN_TYPE = YES_ERROR;
				GCC_WARN_UNDECLARED_SELECTOR = YES;
				GCC_WARN_UNINITIALIZED_AUTOS = YES_AGGRESSIVE;
				GCC_WARN_UNUSED_FUNCTION = YES;
				GCC_WARN_UNUSED_VARIABLE = YES;
				IPHONEOS_DEPLOYMENT_TARGET = 12.2;
				MTL_ENABLE_DEBUG_INFO = NO;
				MTL_FAST_MATH = YES;
				SDKROOT = iphoneos;
				VALIDATE_PRODUCT = YES;
			};
			name = Release;
		};
		073BCADA22DC1D5A009E7240 /* Debug */ = {
			isa = XCBuildConfiguration;
			buildSettings = {
				ASSETCATALOG_COMPILER_APPICON_NAME = AppIcon;
				CODE_SIGN_STYLE = Automatic;
				INFOPLIST_FILE = "16.Runtime应用层举例/Info.plist";
				LD_RUNPATH_SEARCH_PATHS = (
					"$(inherited)",
					"@executable_path/Frameworks",
				);
				PRODUCT_BUNDLE_IDENTIFIER = "books.story.forest.-6-Runtime-----";
				PRODUCT_NAME = "$(TARGET_NAME)";
				TARGETED_DEVICE_FAMILY = "1,2";
			};
			name = Debug;
		};
		073BCADB22DC1D5A009E7240 /* Release */ = {
			isa = XCBuildConfiguration;
			buildSettings = {
				ASSETCATALOG_COMPILER_APPICON_NAME = AppIcon;
				CODE_SIGN_STYLE = Automatic;
				INFOPLIST_FILE = "16.Runtime应用层举例/Info.plist";
				LD_RUNPATH_SEARCH_PATHS = (
					"$(inherited)",
					"@executable_path/Frameworks",
				);
				PRODUCT_BUNDLE_IDENTIFIER = "books.story.forest.-6-Runtime-----";
				PRODUCT_NAME = "$(TARGET_NAME)";
				TARGETED_DEVICE_FAMILY = "1,2";
			};
			name = Release;
		};
/* End XCBuildConfiguration section */

/* Begin XCConfigurationList section */
		073BCABE22DC1D59009E7240 /* Build configuration list for PBXProject "16.Runtime应用层举例" */ = {
			isa = XCConfigurationList;
			buildConfigurations = (
				073BCAD722DC1D5A009E7240 /* Debug */,
				073BCAD822DC1D5A009E7240 /* Release */,
			);
			defaultConfigurationIsVisible = 0;
			defaultConfigurationName = Release;
		};
		073BCAD922DC1D5A009E7240 /* Build configuration list for PBXNativeTarget "16.Runtime应用层举例" */ = {
			isa = XCConfigurationList;
			buildConfigurations = (
				073BCADA22DC1D5A009E7240 /* Debug */,
				073BCADB22DC1D5A009E7240 /* Release */,
			);
			defaultConfigurationIsVisible = 0;
			defaultConfigurationName = Release;
		};
/* End XCConfigurationList section */
	};
	rootObject = 073BCABB22DC1D59009E7240 /* Project object */;
}
