// !$*UTF8*$!
{
	archiveVersion = 1;
	classes = {
	};
	objectVersion = 50;
	objects = {

/* Begin PBXBuildFile section */
		071E030F22B649F5004008EB /* main.m in Sources */ = {isa = PBXBuildFile; fileRef = 071E030E22B649F5004008EB /* main.m */; };
		071E031722B64A23004008EB /* Person.m in Sources */ = {isa = PBXBuildFile; fileRef = 071E031622B64A23004008EB /* Person.m */; };
		071E031A22B67E38004008EB /* Car.m in Sources */ = {isa = PBXBuildFile; fileRef = 071E031922B67E38004008EB /* Car.m */; };
		071E031D22B68788004008EB /* CarForward.m in Sources */ = {isa = PBXBuildFile; fileRef = 071E031C22B68788004008EB /* CarForward.m */; };
		071E032022B687E8004008EB /* CarPersonForward.m in Sources */ = {isa = PBXBuildFile; fileRef = 071E031F22B687E8004008EB /* CarPersonForward.m */; };
/* End PBXBuildFile section */

/* Begin PBXCopyFilesBuildPhase section */
		071E030922B649F5004008EB /* CopyFiles */ = {
			isa = PBXCopyFilesBuildPhase;
			buildActionMask = 2147483647;
			dstPath = /usr/share/man/man1/;
			dstSubfolderSpec = 0;
			files = (
			);
			runOnlyForDeploymentPostprocessing = 1;
		};
/* End PBXCopyFilesBuildPhase section */

/* Begin PBXFileReference section */
		071E030B22B649F5004008EB /* 12.Runtime-消息转发 */ = {isa = PBXFileReference; explicitFileType = "compiled.mach-o.executable"; includeInIndex = 0; path = "12.Runtime-消息转发"; sourceTree = BUILT_PRODUCTS_DIR; };
		071E030E22B649F5004008EB /* main.m */ = {isa = PBXFileReference; lastKnownFileType = sourcecode.c.objc; path = main.m; sourceTree = "<group>"; };
		071E031522B64A23004008EB /* Person.h */ = {isa = PBXFileReference; lastKnownFileType = sourcecode.c.h; path = Person.h; sourceTree = "<group>"; };
		071E031622B64A23004008EB /* Person.m */ = {isa = PBXFileReference; lastKnownFileType = sourcecode.c.objc; path = Person.m; sourceTree = "<group>"; };
		071E031822B67E38004008EB /* Car.h */ = {isa = PBXFileReference; lastKnownFileType = sourcecode.c.h; path = Car.h; sourceTree = "<group>"; };
		071E031922B67E38004008EB /* Car.m */ = {isa = PBXFileReference; lastKnownFileType = sourcecode.c.objc; path = Car.m; sourceTree = "<group>"; };
		071E031B22B68788004008EB /* CarForward.h */ = {isa = PBXFileReference; lastKnownFileType = sourcecode.c.h; path = CarForward.h; sourceTree = "<group>"; };
		071E031C22B68788004008EB /* CarForward.m */ = {isa = PBXFileReference; lastKnownFileType = sourcecode.c.objc; path = CarForward.m; sourceTree = "<group>"; };
		071E031E22B687E8004008EB /* CarPersonForward.h */ = {isa = PBXFileReference; lastKnownFileType = sourcecode.c.h; path = CarPersonForward.h; sourceTree = "<group>"; };
		071E031F22B687E8004008EB /* CarPersonForward.m */ = {isa = PBXFileReference; lastKnownFileType = sourcecode.c.objc; path = CarPersonForward.m; sourceTree = "<group>"; };
/* End PBXFileReference section */

/* Begin PBXFrameworksBuildPhase section */
		071E030822B649F5004008EB /* Frameworks */ = {
			isa = PBXFrameworksBuildPhase;
			buildActionMask = 2147483647;
			files = (
			);
			runOnlyForDeploymentPostprocessing = 0;
		};
/* End PBXFrameworksBuildPhase section */

/* Begin PBXGroup section */
		071E030222B649F5004008EB = {
			isa = PBXGroup;
			children = (
				071E030D22B649F5004008EB /* 12.Runtime-消息转发 */,
				071E030C22B649F5004008EB /* Products */,
			);
			sourceTree = "<group>";
		};
		071E030C22B649F5004008EB /* Products */ = {
			isa = PBXGroup;
			children = (
				071E030B22B649F5004008EB /* 12.Runtime-消息转发 */,
			);
			name = Products;
			sourceTree = "<group>";
		};
		071E030D22B649F5004008EB /* 12.Runtime-消息转发 */ = {
			isa = PBXGroup;
			children = (
				071E030E22B649F5004008EB /* main.m */,
				071E031E22B687E8004008EB /* CarPersonForward.h */,
				071E031F22B687E8004008EB /* CarPersonForward.m */,
				071E031522B64A23004008EB /* Person.h */,
				071E031622B64A23004008EB /* Person.m */,
				071E031822B67E38004008EB /* Car.h */,
				071E031922B67E38004008EB /* Car.m */,
				071E031B22B68788004008EB /* CarForward.h */,
				071E031C22B68788004008EB /* CarForward.m */,
			);
			path = "12.Runtime-消息转发";
			sourceTree = "<group>";
		};
/* End PBXGroup section */

/* Begin PBXNativeTarget section */
		071E030A22B649F5004008EB /* 12.Runtime-消息转发 */ = {
			isa = PBXNativeTarget;
			buildConfigurationList = 071E031222B649F5004008EB /* Build configuration list for PBXNativeTarget "12.Runtime-消息转发" */;
			buildPhases = (
				071E030722B649F5004008EB /* Sources */,
				071E030822B649F5004008EB /* Frameworks */,
				071E030922B649F5004008EB /* CopyFiles */,
			);
			buildRules = (
			);
			dependencies = (
			);
			name = "12.Runtime-消息转发";
			productName = "12.Runtime-消息转发";
			productReference = 071E030B22B649F5004008EB /* 12.Runtime-消息转发 */;
			productType = "com.apple.product-type.tool";
		};
/* End PBXNativeTarget section */

/* Begin PBXProject section */
		071E030322B649F5004008EB /* Project object */ = {
			isa = PBXProject;
			attributes = {
				LastUpgradeCheck = 1010;
				ORGANIZATIONNAME = songlin;
				TargetAttributes = {
					071E030A22B649F5004008EB = {
						CreatedOnToolsVersion = 10.1;
					};
				};
			};
			buildConfigurationList = 071E030622B649F5004008EB /* Build configuration list for PBXProject "12.Runtime-消息转发" */;
			compatibilityVersion = "Xcode 9.3";
			developmentRegion = en;
			hasScannedForEncodings = 0;
			knownRegions = (
				en,
			);
			mainGroup = 071E030222B649F5004008EB;
			productRefGroup = 071E030C22B649F5004008EB /* Products */;
			projectDirPath = "";
			projectRoot = "";
			targets = (
				071E030A22B649F5004008EB /* 12.Runtime-消息转发 */,
			);
		};
/* End PBXProject section */

/* Begin PBXSourcesBuildPhase section */
		071E030722B649F5004008EB /* Sources */ = {
			isa = PBXSourcesBuildPhase;
			buildActionMask = 2147483647;
			files = (
				071E031A22B67E38004008EB /* Car.m in Sources */,
				071E031722B64A23004008EB /* Person.m in Sources */,
				071E031D22B68788004008EB /* CarForward.m in Sources */,
				071E032022B687E8004008EB /* CarPersonForward.m in Sources */,
				071E030F22B649F5004008EB /* main.m in Sources */,
			);
			runOnlyForDeploymentPostprocessing = 0;
		};
/* End PBXSourcesBuildPhase section */

/* Begin XCBuildConfiguration section */
		071E031022B649F5004008EB /* Debug */ = {
			isa = XCBuildConfiguration;
			buildSettings = {
				ALWAYS_SEARCH_USER_PATHS = NO;
				CLANG_ANALYZER_NONNULL = YES;
				CLANG_ANALYZER_NUMBER_OBJECT_CONVERSION = YES_AGGRESSIVE;
				CLANG_CXX_LANGUAGE_STANDARD = "gnu++14";
				CLANG_CXX_LIBRARY = "libc++";
				CLANG_ENABLE_MODULES = YES;
				CLANG_ENABLE_OBJC_ARC = YES;
				CLANG_ENABLE_OBJC_WEAK = YES;
				CLANG_WARN_BLOCK_CAPTURE_AUTORELEASING = YES;
				CLANG_WARN_BOOL_CONVERSION = YES;
				CLANG_WARN_COMMA = YES;
				CLANG_WARN_CONSTANT_CONVERSION = YES;
				CLANG_WARN_DEPRECATED_OBJC_IMPLEMENTATIONS = YES;
				CLANG_WARN_DIRECT_OBJC_ISA_USAGE = YES_ERROR;
				CLANG_WARN_DOCUMENTATION_COMMENTS = YES;
				CLANG_WARN_EMPTY_BODY = YES;
				CLANG_WARN_ENUM_CONVERSION = YES;
				CLANG_WARN_INFINITE_RECURSION = YES;
				CLANG_WARN_INT_CONVERSION = YES;
				CLANG_WARN_NON_LITERAL_NULL_CONVERSION = YES;
				CLANG_WARN_OBJC_IMPLICIT_RETAIN_SELF = YES;
				CLANG_WARN_OBJC_LITERAL_CONVERSION = YES;
				CLANG_WARN_OBJC_ROOT_CLASS = YES_ERROR;
				CLANG_WARN_RANGE_LOOP_ANALYSIS = YES;
				CLANG_WARN_STRICT_PROTOTYPES = YES;
				CLANG_WARN_SUSPICIOUS_MOVE = YES;
				CLANG_WARN_UNGUARDED_AVAILABILITY = YES_AGGRESSIVE;
				CLANG_WARN_UNREACHABLE_CODE = YES;
				CLANG_WARN__DUPLICATE_METHOD_MATCH = YES;
				CODE_SIGN_IDENTITY = "-";
				COPY_PHASE_STRIP = NO;
				DEBUG_INFORMATION_FORMAT = dwarf;
				ENABLE_STRICT_OBJC_MSGSEND = YES;
				ENABLE_TESTABILITY = YES;
				GCC_C_LANGUAGE_STANDARD = gnu11;
				GCC_DYNAMIC_NO_PIC = NO;
				GCC_NO_COMMON_BLOCKS = YES;
				GCC_OPTIMIZATION_LEVEL = 0;
				GCC_PREPROCESSOR_DEFINITIONS = (
					"DEBUG=1",
					"$(inherited)",
				);
				GCC_WARN_64_TO_32_BIT_CONVERSION = YES;
				GCC_WARN_ABOUT_RETURN_TYPE = YES_ERROR;
				GCC_WARN_UNDECLARED_SELECTOR = YES;
				GCC_WARN_UNINITIALIZED_AUTOS = YES_AGGRESSIVE;
				GCC_WARN_UNUSED_FUNCTION = YES;
				GCC_WARN_UNUSED_VARIABLE = YES;
				MACOSX_DEPLOYMENT_TARGET = 10.13;
				MTL_ENABLE_DEBUG_INFO = INCLUDE_SOURCE;
				MTL_FAST_MATH = YES;
				ONLY_ACTIVE_ARCH = YES;
				SDKROOT = macosx;
			};
			name = Debug;
		};
		071E031122B649F5004008EB /* Release */ = {
			isa = XCBuildConfiguration;
			buildSettings = {
				ALWAYS_SEARCH_USER_PATHS = NO;
				CLANG_ANALYZER_NONNULL = YES;
				CLANG_ANALYZER_NUMBER_OBJECT_CONVERSION = YES_AGGRESSIVE;
				CLANG_CXX_LANGUAGE_STANDARD = "gnu++14";
				CLANG_CXX_LIBRARY = "libc++";
				CLANG_ENABLE_MODULES = YES;
				CLANG_ENABLE_OBJC_ARC = YES;
				CLANG_ENABLE_OBJC_WEAK = YES;
				CLANG_WARN_BLOCK_CAPTURE_AUTORELEASING = YES;
				CLANG_WARN_BOOL_CONVERSION = YES;
				CLANG_WARN_COMMA = YES;
				CLANG_WARN_CONSTANT_CONVERSION = YES;
				CLANG_WARN_DEPRECATED_OBJC_IMPLEMENTATIONS = YES;
				CLANG_WARN_DIRECT_OBJC_ISA_USAGE = YES_ERROR;
				CLANG_WARN_DOCUMENTATION_COMMENTS = YES;
				CLANG_WARN_EMPTY_BODY = YES;
				CLANG_WARN_ENUM_CONVERSION = YES;
				CLANG_WARN_INFINITE_RECURSION = YES;
				CLANG_WARN_INT_CONVERSION = YES;
				CLANG_WARN_NON_LITERAL_NULL_CONVERSION = YES;
				CLANG_WARN_OBJC_IMPLICIT_RETAIN_SELF = YES;
				CLANG_WARN_OBJC_LITERAL_CONVERSION = YES;
				CLANG_WARN_OBJC_ROOT_CLASS = YES_ERROR;
				CLANG_WARN_RANGE_LOOP_ANALYSIS = YES;
				CLANG_WARN_STRICT_PROTOTYPES = YES;
				CLANG_WARN_SUSPICIOUS_MOVE = YES;
				CLANG_WARN_UNGUARDED_AVAILABILITY = YES_AGGRESSIVE;
				CLANG_WARN_UNREACHABLE_CODE = YES;
				CLANG_WARN__DUPLICATE_METHOD_MATCH = YES;
				CODE_SIGN_IDENTITY = "-";
				COPY_PHASE_STRIP = NO;
				DEBUG_INFORMATION_FORMAT = "dwarf-with-dsym";
				ENABLE_NS_ASSERTIONS = NO;
				ENABLE_STRICT_OBJC_MSGSEND = YES;
				GCC_C_LANGUAGE_STANDARD = gnu11;
				GCC_NO_COMMON_BLOCKS = YES;
				GCC_WARN_64_TO_32_BIT_CONVERSION = YES;
				GCC_WARN_ABOUT_RETURN_TYPE = YES_ERROR;
				GCC_WARN_UNDECLARED_SELECTOR = YES;
				GCC_WARN_UNINITIALIZED_AUTOS = YES_AGGRESSIVE;
				GCC_WARN_UNUSED_FUNCTION = YES;
				GCC_WARN_UNUSED_VARIABLE = YES;
				MACOSX_DEPLOYMENT_TARGET = 10.13;
				MTL_ENABLE_DEBUG_INFO = NO;
				MTL_FAST_MATH = YES;
				SDKROOT = macosx;
			};
			name = Release;
		};
		071E031322B649F5004008EB /* Debug */ = {
			isa = XCBuildConfiguration;
			buildSettings = {
				CODE_SIGN_STYLE = Automatic;
				PRODUCT_NAME = "$(TARGET_NAME)";
			};
			name = Debug;
		};
		071E031422B649F5004008EB /* Release */ = {
			isa = XCBuildConfiguration;
			buildSettings = {
				CODE_SIGN_STYLE = Automatic;
				PRODUCT_NAME = "$(TARGET_NAME)";
			};
			name = Release;
		};
/* End XCBuildConfiguration section */

/* Begin XCConfigurationList section */
		071E030622B649F5004008EB /* Build configuration list for PBXProject "12.Runtime-消息转发" */ = {
			isa = XCConfigurationList;
			buildConfigurations = (
				071E031022B649F5004008EB /* Debug */,
				071E031122B649F5004008EB /* Release */,
			);
			defaultConfigurationIsVisible = 0;
			defaultConfigurationName = Release;
		};
		071E031222B649F5004008EB /* Build configuration list for PBXNativeTarget "12.Runtime-消息转发" */ = {
			isa = XCConfigurationList;
			buildConfigurations = (
				071E031322B649F5004008EB /* Debug */,
				071E031422B649F5004008EB /* Release */,
			);
			defaultConfigurationIsVisible = 0;
			defaultConfigurationName = Release;
		};
/* End XCConfigurationList section */
	};
	rootObject = 071E030322B649F5004008EB /* Project object */;
}
